// !$*UTF8*$!
{
	archiveVersion = 1;
	classes = {
	};
	objectVersion = 56;
	objects = {

/* Begin PBXBuildFile section */
		9C0386E929A7BD9500EF4BAD /* WelcomeTextView.swift in Sources */ = {isa = PBXBuildFile; fileRef = 9C0386E829A7BD9500EF4BAD /* WelcomeTextView.swift */; };
		9C0386EB29A7BE8C00EF4BAD /* DescriptionTextView.swift in Sources */ = {isa = PBXBuildFile; fileRef = 9C0386EA29A7BE8C00EF4BAD /* DescriptionTextView.swift */; };
		9C0386ED29A7BF3B00EF4BAD /* RoundedIconViewFilled.swift in Sources */ = {isa = PBXBuildFile; fileRef = 9C0386EC29A7BF3B00EF4BAD /* RoundedIconViewFilled.swift */; };
		9C0386EF29A7C35700EF4BAD /* AppIconView.swift in Sources */ = {isa = PBXBuildFile; fileRef = 9C0386EE29A7C35700EF4BAD /* AppIconView.swift */; };
		9C0386F129A7C3AE00EF4BAD /* WelcomeBackgroundImageView.swift in Sources */ = {isa = PBXBuildFile; fileRef = 9C0386F029A7C3AE00EF4BAD /* WelcomeBackgroundImageView.swift */; };
		9C0386F329A7C4A700EF4BAD /* RoundedIconViewFilledWhite.swift in Sources */ = {isa = PBXBuildFile; fileRef = 9C0386F229A7C4A700EF4BAD /* RoundedIconViewFilledWhite.swift */; };
		9C0386F529A7C54200EF4BAD /* Text.swift in Sources */ = {isa = PBXBuildFile; fileRef = 9C0386F429A7C54200EF4BAD /* Text.swift */; };
		9C0386FD29AB52B600EF4BAD /* NFTListView.swift in Sources */ = {isa = PBXBuildFile; fileRef = 9C0386FC29AB52B600EF4BAD /* NFTListView.swift */; };
		9C0386FF29AB548C00EF4BAD /* NFTViewModel.swift in Sources */ = {isa = PBXBuildFile; fileRef = 9C0386FE29AB548C00EF4BAD /* NFTViewModel.swift */; };
		9C03870129AB5AEE00EF4BAD /* ButtonView.swift in Sources */ = {isa = PBXBuildFile; fileRef = 9C03870029AB5AEE00EF4BAD /* ButtonView.swift */; };
		9C0B041D29B4ECAE000330AB /* CartCellMainContentView.swift in Sources */ = {isa = PBXBuildFile; fileRef = 9C0B041C29B4ECAE000330AB /* CartCellMainContentView.swift */; };
		9C0B041F29B4ECC9000330AB /* CartCellBottomContentView.swift in Sources */ = {isa = PBXBuildFile; fileRef = 9C0B041E29B4ECC9000330AB /* CartCellBottomContentView.swift */; };
		9C0B042329B50008000330AB /* TotalCheckoutAmountView.swift in Sources */ = {isa = PBXBuildFile; fileRef = 9C0B042229B50008000330AB /* TotalCheckoutAmountView.swift */; };
		9C0B042529B50287000330AB /* TotalAmountLabelView.swift in Sources */ = {isa = PBXBuildFile; fileRef = 9C0B042429B50287000330AB /* TotalAmountLabelView.swift */; };
		9C0B042729B5225A000330AB /* DiscountAndDiscountAmountView.swift in Sources */ = {isa = PBXBuildFile; fileRef = 9C0B042629B5225A000330AB /* DiscountAndDiscountAmountView.swift */; };
		9C0C4E9A29B4D6470018E546 /* ShoppingCartDataManager.swift in Sources */ = {isa = PBXBuildFile; fileRef = 9C0C4E9929B4D6470018E546 /* ShoppingCartDataManager.swift */; };
		9C0C4E9C29B4DDC50018E546 /* CartItemCellView.swift in Sources */ = {isa = PBXBuildFile; fileRef = 9C0C4E9B29B4DDC50018E546 /* CartItemCellView.swift */; };
		9C0C4E9E29B4DDE30018E546 /* CheckoutItemListView.swift in Sources */ = {isa = PBXBuildFile; fileRef = 9C0C4E9D29B4DDE30018E546 /* CheckoutItemListView.swift */; };
		9C0C4EA029B4E19E0018E546 /* TextViews.swift in Sources */ = {isa = PBXBuildFile; fileRef = 9C0C4E9F29B4E19E0018E546 /* TextViews.swift */; };
		9C0C4EA329B4E4730018E546 /* CartCellTopContentView.swift in Sources */ = {isa = PBXBuildFile; fileRef = 9C0C4EA229B4E4730018E546 /* CartCellTopContentView.swift */; };
		9C0C4EA529B4E5B50018E546 /* NumberFormatter.swift in Sources */ = {isa = PBXBuildFile; fileRef = 9C0C4EA429B4E5B50018E546 /* NumberFormatter.swift */; };
		9C0E478B29ABB64100DEB975 /* PriceView.swift in Sources */ = {isa = PBXBuildFile; fileRef = 9C0E478A29ABB64100DEB975 /* PriceView.swift */; };
		9C0E478D29ABB6E100DEB975 /* NameView.swift in Sources */ = {isa = PBXBuildFile; fileRef = 9C0E478C29ABB6E100DEB975 /* NameView.swift */; };
		9C0E478F29ABB73600DEB975 /* CreatorNameView.swift in Sources */ = {isa = PBXBuildFile; fileRef = 9C0E478E29ABB73600DEB975 /* CreatorNameView.swift */; };
		9C11C00129D03BD400E2C4C7 /* NFTViewModelTests.swift in Sources */ = {isa = PBXBuildFile; fileRef = 9C11C00029D03BD400E2C4C7 /* NFTViewModelTests.swift */; };
		9C11C00329D045FC00E2C4C7 /* NFTDataManagerTests.swift in Sources */ = {isa = PBXBuildFile; fileRef = 9C11C00229D045FC00E2C4C7 /* NFTDataManagerTests.swift */; };
		9C1529B629CED76600CAC0E1 /* NFTioSearchScreenTests.swift in Sources */ = {isa = PBXBuildFile; fileRef = 9C1529B529CED76600CAC0E1 /* NFTioSearchScreenTests.swift */; };
		9C1529B829CED78B00CAC0E1 /* NFTioDetailScreenTests.swift in Sources */ = {isa = PBXBuildFile; fileRef = 9C1529B729CED78B00CAC0E1 /* NFTioDetailScreenTests.swift */; };
		9C1F693629D4115C00690BAE /* AuthScreen.swift in Sources */ = {isa = PBXBuildFile; fileRef = 9C1F693529D4115C00690BAE /* AuthScreen.swift */; };
		9C1F693829D4151C00690BAE /* GoogleService-Info.plist in Resources */ = {isa = PBXBuildFile; fileRef = 9C1F693729D4151B00690BAE /* GoogleService-Info.plist */; };
		9C1F693C29D427DD00690BAE /* FirebaseAuth in Frameworks */ = {isa = PBXBuildFile; productRef = 9C1F693B29D427DD00690BAE /* FirebaseAuth */; };
		9C2EA9AA29A10A99009A831C /* WelcomeScreenView.swift in Sources */ = {isa = PBXBuildFile; fileRef = 9C2EA9A929A10A99009A831C /* WelcomeScreenView.swift */; };
		9C2EA9AF29A1104E009A831C /* Constants.swift in Sources */ = {isa = PBXBuildFile; fileRef = 9C2EA9AE29A1104E009A831C /* Constants.swift */; };
		9C2EA9B129A113E9009A831C /* OnboardingScreenView.swift in Sources */ = {isa = PBXBuildFile; fileRef = 9C2EA9B029A113E9009A831C /* OnboardingScreenView.swift */; };
		9C2EA9B329A14162009A831C /* AppLogo.swift in Sources */ = {isa = PBXBuildFile; fileRef = 9C2EA9B229A14162009A831C /* AppLogo.swift */; };
		9C32AA4F29C5AAD0001486DA /* LaunchScreen.swift in Sources */ = {isa = PBXBuildFile; fileRef = 9C32AA4E29C5AAD0001486DA /* LaunchScreen.swift */; };
		9C32AA5129C60BB8001486DA /* ShoppingCartItem.swift in Sources */ = {isa = PBXBuildFile; fileRef = 9C32AA5029C60BB8001486DA /* ShoppingCartItem.swift */; };
		9C37C1C229BC738500125E09 /* CategoryListView.swift in Sources */ = {isa = PBXBuildFile; fileRef = 9C37C1C129BC738500125E09 /* CategoryListView.swift */; };
		9C37C1C529BC784300125E09 /* HomeScreenView.swift in Sources */ = {isa = PBXBuildFile; fileRef = 9C37C1C429BC784300125E09 /* HomeScreenView.swift */; };
		9C37C1C729BCB1FB00125E09 /* SectionHeaderView.swift in Sources */ = {isa = PBXBuildFile; fileRef = 9C37C1C629BCB1FB00125E09 /* SectionHeaderView.swift */; };
		9C37C1CA29BCB56800125E09 /* CollectionListView.swift in Sources */ = {isa = PBXBuildFile; fileRef = 9C37C1C929BCB56800125E09 /* CollectionListView.swift */; };
		9C4E9FA729D823CC0061F3E7 /* likedNftItems.json in Resources */ = {isa = PBXBuildFile; fileRef = 9C4E9FA629D823CC0061F3E7 /* likedNftItems.json */; };
		9C4E9FA929D8243B0061F3E7 /* categories.json in Resources */ = {isa = PBXBuildFile; fileRef = 9C4E9FA829D8243A0061F3E7 /* categories.json */; };
		9C4E9FAB29D8251F0061F3E7 /* nftCollections.json in Resources */ = {isa = PBXBuildFile; fileRef = 9C4E9FAA29D8251F0061F3E7 /* nftCollections.json */; };
		9C5B5EC829CC988100FD62D7 /* CategoryStoreTests.swift in Sources */ = {isa = PBXBuildFile; fileRef = 9C5B5EC729CC988100FD62D7 /* CategoryStoreTests.swift */; };
		9C5B5ECF29CC99C800FD62D7 /* CartViewModelTests.swift in Sources */ = {isa = PBXBuildFile; fileRef = 9C5B5ECE29CC99C800FD62D7 /* CartViewModelTests.swift */; };
		9C60D6CE29D5E24A007AF4B4 /* FileManager.swift in Sources */ = {isa = PBXBuildFile; fileRef = 9C60D6CD29D5E24A007AF4B4 /* FileManager.swift */; };
		9C76414B29D3298E0072E05E /* Log.swift in Sources */ = {isa = PBXBuildFile; fileRef = 9C76414A29D3298E0072E05E /* Log.swift */; };
		9C86225229B482CB00CF20E8 /* BuyNowCheckoutView.swift in Sources */ = {isa = PBXBuildFile; fileRef = 9C86225129B482CB00CF20E8 /* BuyNowCheckoutView.swift */; };
		9C86225629B483A300CF20E8 /* DiscountTypes.swift in Sources */ = {isa = PBXBuildFile; fileRef = 9C86225529B483A300CF20E8 /* DiscountTypes.swift */; };
		9C86225829B48FEC00CF20E8 /* Decimal.swift in Sources */ = {isa = PBXBuildFile; fileRef = 9C86225729B48FEC00CF20E8 /* Decimal.swift */; };
		9C94667629B20AD500129EB1 /* NFT.swift in Sources */ = {isa = PBXBuildFile; fileRef = 9C94667529B20AD500129EB1 /* NFT.swift */; };
		9C94667829B20AF800129EB1 /* Category.swift in Sources */ = {isa = PBXBuildFile; fileRef = 9C94667729B20AF800129EB1 /* Category.swift */; };
		9C94667A29B20B4600129EB1 /* NFTCollection.swift in Sources */ = {isa = PBXBuildFile; fileRef = 9C94667929B20B4600129EB1 /* NFTCollection.swift */; };
		9C94667D29B20BB000129EB1 /* NFTDataManager.swift in Sources */ = {isa = PBXBuildFile; fileRef = 9C94667C29B20BB000129EB1 /* NFTDataManager.swift */; };
		9C94667F29B20F7A00129EB1 /* String.swift in Sources */ = {isa = PBXBuildFile; fileRef = 9C94667E29B20F7A00129EB1 /* String.swift */; };
		9CA1466329D43CAB00090A4F /* UserViewModel.swift in Sources */ = {isa = PBXBuildFile; fileRef = 9CA1466229D43CAB00090A4F /* UserViewModel.swift */; };
		9CA1466529D43E1400090A4F /* UserManager.swift in Sources */ = {isa = PBXBuildFile; fileRef = 9CA1466429D43E1400090A4F /* UserManager.swift */; };
		9CAADE7C29D9DC7D00624A00 /* PasswordField.swift in Sources */ = {isa = PBXBuildFile; fileRef = 9CAADE7B29D9DC7D00624A00 /* PasswordField.swift */; };
		9CB548CE29BF068B00A67C6D /* Hashable.swift in Sources */ = {isa = PBXBuildFile; fileRef = 9CB548CD29BF068B00A67C6D /* Hashable.swift */; };
		9CB7A8DA29ABAD71008F56F8 /* LikesView.swift in Sources */ = {isa = PBXBuildFile; fileRef = 9CB7A8D929ABAD71008F56F8 /* LikesView.swift */; };
		9CB7F37529C705C900ACF69F /* CartItemsListView.swift in Sources */ = {isa = PBXBuildFile; fileRef = 9CB7F37429C705C800ACF69F /* CartItemsListView.swift */; };
		9CBB98E129A20C3F00759204 /* Color.swift in Sources */ = {isa = PBXBuildFile; fileRef = 9CBB98E029A20C3F00759204 /* Color.swift */; };
		9CBB98E529A2229E00759204 /* GetStartedButtonView.swift in Sources */ = {isa = PBXBuildFile; fileRef = 9CBB98E429A2229E00759204 /* GetStartedButtonView.swift */; };
		9CD226AC29BCF3D600462C35 /* RoundedImageView.swift in Sources */ = {isa = PBXBuildFile; fileRef = 9CD226AB29BCF3D600462C35 /* RoundedImageView.swift */; };
		9CD226B029BDCC3E00462C35 /* ShopName.swift in Sources */ = {isa = PBXBuildFile; fileRef = 9CD226AF29BDCC3E00462C35 /* ShopName.swift */; };
		9CD226B329BDCCA500462C35 /* NFTDetailView.swift in Sources */ = {isa = PBXBuildFile; fileRef = 9CD226B229BDCCA500462C35 /* NFTDetailView.swift */; };
		9CD226B729BE070700462C35 /* TopInfoSectionView.swift in Sources */ = {isa = PBXBuildFile; fileRef = 9CD226B629BE070700462C35 /* TopInfoSectionView.swift */; };
		9CD226B929BE20EC00462C35 /* CategoryView.swift in Sources */ = {isa = PBXBuildFile; fileRef = 9CD226B829BE20EC00462C35 /* CategoryView.swift */; };
		9CD226BC29BE31F400462C35 /* CollectionView.swift in Sources */ = {isa = PBXBuildFile; fileRef = 9CD226BB29BE31F400462C35 /* CollectionView.swift */; };
		9CD7F69A29D88DEB00F43AED /* InputField.swift in Sources */ = {isa = PBXBuildFile; fileRef = 9CD7F69929D88DEB00F43AED /* InputField.swift */; };
		9CD9835529D71C220014B4D0 /* LikesIconView.swift in Sources */ = {isa = PBXBuildFile; fileRef = 9CD9835429D71C220014B4D0 /* LikesIconView.swift */; };
		9CDC76C329CDA07300BB607D /* NFTioUITabNavigationTests.swift in Sources */ = {isa = PBXBuildFile; fileRef = 9CDC76C229CDA07300BB607D /* NFTioUITabNavigationTests.swift */; };
		9CDC76C529CDA07300BB607D /* NFTioUITestsLaunchTests.swift in Sources */ = {isa = PBXBuildFile; fileRef = 9CDC76C429CDA07300BB607D /* NFTioUITestsLaunchTests.swift */; };
		9CDF21AF29D5996C00DA8D74 /* nftItems.json in Resources */ = {isa = PBXBuildFile; fileRef = 9CDF21AE29D5996C00DA8D74 /* nftItems.json */; };
		9CF42D05299FC92600CAA856 /* NFTioApp.swift in Sources */ = {isa = PBXBuildFile; fileRef = 9CF42D04299FC92600CAA856 /* NFTioApp.swift */; };
		9CF42D07299FC92600CAA856 /* ContentView.swift in Sources */ = {isa = PBXBuildFile; fileRef = 9CF42D06299FC92600CAA856 /* ContentView.swift */; };
		9CF42D09299FC92800CAA856 /* Assets.xcassets in Resources */ = {isa = PBXBuildFile; fileRef = 9CF42D08299FC92800CAA856 /* Assets.xcassets */; };
		9CF42D0C299FC92800CAA856 /* Preview Assets.xcassets in Resources */ = {isa = PBXBuildFile; fileRef = 9CF42D0B299FC92800CAA856 /* Preview Assets.xcassets */; };
		9CF42D14299FDC8800CAA856 /* User.swift in Sources */ = {isa = PBXBuildFile; fileRef = 9CF42D13299FDC8800CAA856 /* User.swift */; };
		9CFD9B2529C4550B00D12148 /* TabNavigationView.swift in Sources */ = {isa = PBXBuildFile; fileRef = 9CFD9B2429C4550B00D12148 /* TabNavigationView.swift */; };
		9CFD9B2829C45FA200D12148 /* SearchScreenView.swift in Sources */ = {isa = PBXBuildFile; fileRef = 9CFD9B2729C45FA200D12148 /* SearchScreenView.swift */; };
		9CFD9B2B29C4602E00D12148 /* CartScreenView.swift in Sources */ = {isa = PBXBuildFile; fileRef = 9CFD9B2A29C4602E00D12148 /* CartScreenView.swift */; };
		9CFD9B2E29C460B300D12148 /* ProfileScreenView.swift in Sources */ = {isa = PBXBuildFile; fileRef = 9CFD9B2D29C460B300D12148 /* ProfileScreenView.swift */; };
		9CFD9B3129C4613600D12148 /* AddNFTForSaleView.swift in Sources */ = {isa = PBXBuildFile; fileRef = 9CFD9B3029C4613600D12148 /* AddNFTForSaleView.swift */; };
		9CFD9B3329C487FC00D12148 /* CartViewModel.swift in Sources */ = {isa = PBXBuildFile; fileRef = 9CFD9B3229C487FC00D12148 /* CartViewModel.swift */; };
		9CFD9B3629C4952500D12148 /* SearchItemCellView.swift in Sources */ = {isa = PBXBuildFile; fileRef = 9CFD9B3529C4952500D12148 /* SearchItemCellView.swift */; };
/* End PBXBuildFile section */

/* Begin PBXContainerItemProxy section */
		9C5B5EC929CC988100FD62D7 /* PBXContainerItemProxy */ = {
			isa = PBXContainerItemProxy;
			containerPortal = 9CF42CF9299FC92600CAA856 /* Project object */;
			proxyType = 1;
			remoteGlobalIDString = 9CF42D00299FC92600CAA856;
			remoteInfo = NFTio;
		};
		9CDC76C629CDA07300BB607D /* PBXContainerItemProxy */ = {
			isa = PBXContainerItemProxy;
			containerPortal = 9CF42CF9299FC92600CAA856 /* Project object */;
			proxyType = 1;
			remoteGlobalIDString = 9CF42D00299FC92600CAA856;
			remoteInfo = NFTio;
		};
/* End PBXContainerItemProxy section */

/* Begin PBXFileReference section */
		9C0386E829A7BD9500EF4BAD /* WelcomeTextView.swift */ = {isa = PBXFileReference; lastKnownFileType = sourcecode.swift; path = WelcomeTextView.swift; sourceTree = "<group>"; };
		9C0386EA29A7BE8C00EF4BAD /* DescriptionTextView.swift */ = {isa = PBXFileReference; lastKnownFileType = sourcecode.swift; path = DescriptionTextView.swift; sourceTree = "<group>"; };
		9C0386EC29A7BF3B00EF4BAD /* RoundedIconViewFilled.swift */ = {isa = PBXFileReference; lastKnownFileType = sourcecode.swift; path = RoundedIconViewFilled.swift; sourceTree = "<group>"; };
		9C0386EE29A7C35700EF4BAD /* AppIconView.swift */ = {isa = PBXFileReference; lastKnownFileType = sourcecode.swift; path = AppIconView.swift; sourceTree = "<group>"; };
		9C0386F029A7C3AE00EF4BAD /* WelcomeBackgroundImageView.swift */ = {isa = PBXFileReference; lastKnownFileType = sourcecode.swift; path = WelcomeBackgroundImageView.swift; sourceTree = "<group>"; };
		9C0386F229A7C4A700EF4BAD /* RoundedIconViewFilledWhite.swift */ = {isa = PBXFileReference; lastKnownFileType = sourcecode.swift; path = RoundedIconViewFilledWhite.swift; sourceTree = "<group>"; };
		9C0386F429A7C54200EF4BAD /* Text.swift */ = {isa = PBXFileReference; lastKnownFileType = sourcecode.swift; path = Text.swift; sourceTree = "<group>"; };
		9C0386F629A7CB5500EF4BAD /* Info.plist */ = {isa = PBXFileReference; lastKnownFileType = text.plist.xml; path = Info.plist; sourceTree = "<group>"; };
		9C0386FC29AB52B600EF4BAD /* NFTListView.swift */ = {isa = PBXFileReference; lastKnownFileType = sourcecode.swift; path = NFTListView.swift; sourceTree = "<group>"; };
		9C0386FE29AB548C00EF4BAD /* NFTViewModel.swift */ = {isa = PBXFileReference; lastKnownFileType = sourcecode.swift; path = NFTViewModel.swift; sourceTree = "<group>"; };
		9C03870029AB5AEE00EF4BAD /* ButtonView.swift */ = {isa = PBXFileReference; lastKnownFileType = sourcecode.swift; path = ButtonView.swift; sourceTree = "<group>"; };
		9C0B041C29B4ECAE000330AB /* CartCellMainContentView.swift */ = {isa = PBXFileReference; lastKnownFileType = sourcecode.swift; path = CartCellMainContentView.swift; sourceTree = "<group>"; };
		9C0B041E29B4ECC9000330AB /* CartCellBottomContentView.swift */ = {isa = PBXFileReference; lastKnownFileType = sourcecode.swift; path = CartCellBottomContentView.swift; sourceTree = "<group>"; };
		9C0B042229B50008000330AB /* TotalCheckoutAmountView.swift */ = {isa = PBXFileReference; lastKnownFileType = sourcecode.swift; path = TotalCheckoutAmountView.swift; sourceTree = "<group>"; };
		9C0B042429B50287000330AB /* TotalAmountLabelView.swift */ = {isa = PBXFileReference; lastKnownFileType = sourcecode.swift; path = TotalAmountLabelView.swift; sourceTree = "<group>"; };
		9C0B042629B5225A000330AB /* DiscountAndDiscountAmountView.swift */ = {isa = PBXFileReference; lastKnownFileType = sourcecode.swift; path = DiscountAndDiscountAmountView.swift; sourceTree = "<group>"; };
		9C0C4E9929B4D6470018E546 /* ShoppingCartDataManager.swift */ = {isa = PBXFileReference; lastKnownFileType = sourcecode.swift; path = ShoppingCartDataManager.swift; sourceTree = "<group>"; };
		9C0C4E9B29B4DDC50018E546 /* CartItemCellView.swift */ = {isa = PBXFileReference; lastKnownFileType = sourcecode.swift; path = CartItemCellView.swift; sourceTree = "<group>"; };
		9C0C4E9D29B4DDE30018E546 /* CheckoutItemListView.swift */ = {isa = PBXFileReference; lastKnownFileType = sourcecode.swift; path = CheckoutItemListView.swift; sourceTree = "<group>"; };
		9C0C4E9F29B4E19E0018E546 /* TextViews.swift */ = {isa = PBXFileReference; lastKnownFileType = sourcecode.swift; path = TextViews.swift; sourceTree = "<group>"; };
		9C0C4EA229B4E4730018E546 /* CartCellTopContentView.swift */ = {isa = PBXFileReference; lastKnownFileType = sourcecode.swift; path = CartCellTopContentView.swift; sourceTree = "<group>"; };
		9C0C4EA429B4E5B50018E546 /* NumberFormatter.swift */ = {isa = PBXFileReference; lastKnownFileType = sourcecode.swift; path = NumberFormatter.swift; sourceTree = "<group>"; };
		9C0E478A29ABB64100DEB975 /* PriceView.swift */ = {isa = PBXFileReference; lastKnownFileType = sourcecode.swift; path = PriceView.swift; sourceTree = "<group>"; };
		9C0E478C29ABB6E100DEB975 /* NameView.swift */ = {isa = PBXFileReference; lastKnownFileType = sourcecode.swift; path = NameView.swift; sourceTree = "<group>"; };
		9C0E478E29ABB73600DEB975 /* CreatorNameView.swift */ = {isa = PBXFileReference; lastKnownFileType = sourcecode.swift; path = CreatorNameView.swift; sourceTree = "<group>"; };
		9C11C00029D03BD400E2C4C7 /* NFTViewModelTests.swift */ = {isa = PBXFileReference; lastKnownFileType = sourcecode.swift; path = NFTViewModelTests.swift; sourceTree = "<group>"; };
		9C11C00229D045FC00E2C4C7 /* NFTDataManagerTests.swift */ = {isa = PBXFileReference; lastKnownFileType = sourcecode.swift; path = NFTDataManagerTests.swift; sourceTree = "<group>"; };
		9C1529B529CED76600CAC0E1 /* NFTioSearchScreenTests.swift */ = {isa = PBXFileReference; lastKnownFileType = sourcecode.swift; path = NFTioSearchScreenTests.swift; sourceTree = "<group>"; };
		9C1529B729CED78B00CAC0E1 /* NFTioDetailScreenTests.swift */ = {isa = PBXFileReference; lastKnownFileType = sourcecode.swift; path = NFTioDetailScreenTests.swift; sourceTree = "<group>"; };
		9C1F693529D4115C00690BAE /* AuthScreen.swift */ = {isa = PBXFileReference; lastKnownFileType = sourcecode.swift; path = AuthScreen.swift; sourceTree = "<group>"; };
		9C1F693729D4151B00690BAE /* GoogleService-Info.plist */ = {isa = PBXFileReference; fileEncoding = 4; lastKnownFileType = text.plist.xml; path = "GoogleService-Info.plist"; sourceTree = "<group>"; };
		9C21481629BCB8BC00C565B5 /* Urbanist-Italic-VariableFont_wght.ttf */ = {isa = PBXFileReference; lastKnownFileType = file; path = "Urbanist-Italic-VariableFont_wght.ttf"; sourceTree = "<group>"; };
		9C21481729BCB8BC00C565B5 /* Urbanist-VariableFont_wght.ttf */ = {isa = PBXFileReference; lastKnownFileType = file; path = "Urbanist-VariableFont_wght.ttf"; sourceTree = "<group>"; };
		9C21481929BCBAAE00C565B5 /* Urbanist-Black.ttf */ = {isa = PBXFileReference; lastKnownFileType = file; path = "Urbanist-Black.ttf"; sourceTree = "<group>"; };
		9C2EA9A929A10A99009A831C /* WelcomeScreenView.swift */ = {isa = PBXFileReference; lastKnownFileType = sourcecode.swift; path = WelcomeScreenView.swift; sourceTree = "<group>"; };
		9C2EA9AE29A1104E009A831C /* Constants.swift */ = {isa = PBXFileReference; lastKnownFileType = sourcecode.swift; path = Constants.swift; sourceTree = "<group>"; };
		9C2EA9B029A113E9009A831C /* OnboardingScreenView.swift */ = {isa = PBXFileReference; lastKnownFileType = sourcecode.swift; path = OnboardingScreenView.swift; sourceTree = "<group>"; };
		9C2EA9B229A14162009A831C /* AppLogo.swift */ = {isa = PBXFileReference; lastKnownFileType = sourcecode.swift; path = AppLogo.swift; sourceTree = "<group>"; };
		9C32AA4E29C5AAD0001486DA /* LaunchScreen.swift */ = {isa = PBXFileReference; lastKnownFileType = sourcecode.swift; path = LaunchScreen.swift; sourceTree = "<group>"; };
		9C32AA5029C60BB8001486DA /* ShoppingCartItem.swift */ = {isa = PBXFileReference; lastKnownFileType = sourcecode.swift; path = ShoppingCartItem.swift; sourceTree = "<group>"; };
		9C37C1C129BC738500125E09 /* CategoryListView.swift */ = {isa = PBXFileReference; lastKnownFileType = sourcecode.swift; path = CategoryListView.swift; sourceTree = "<group>"; };
		9C37C1C429BC784300125E09 /* HomeScreenView.swift */ = {isa = PBXFileReference; lastKnownFileType = sourcecode.swift; path = HomeScreenView.swift; sourceTree = "<group>"; };
		9C37C1C629BCB1FB00125E09 /* SectionHeaderView.swift */ = {isa = PBXFileReference; lastKnownFileType = sourcecode.swift; path = SectionHeaderView.swift; sourceTree = "<group>"; };
		9C37C1C929BCB56800125E09 /* CollectionListView.swift */ = {isa = PBXFileReference; lastKnownFileType = sourcecode.swift; path = CollectionListView.swift; sourceTree = "<group>"; };
		9C4E9FA629D823CC0061F3E7 /* likedNftItems.json */ = {isa = PBXFileReference; fileEncoding = 4; lastKnownFileType = text.json; path = likedNftItems.json; sourceTree = "<group>"; };
		9C4E9FA829D8243A0061F3E7 /* categories.json */ = {isa = PBXFileReference; fileEncoding = 4; lastKnownFileType = text.json; path = categories.json; sourceTree = "<group>"; };
		9C4E9FAA29D8251F0061F3E7 /* nftCollections.json */ = {isa = PBXFileReference; fileEncoding = 4; lastKnownFileType = text.json; path = nftCollections.json; sourceTree = "<group>"; };
		9C5B5EC529CC988100FD62D7 /* NFTioUnitTests.xctest */ = {isa = PBXFileReference; explicitFileType = wrapper.cfbundle; includeInIndex = 0; path = NFTioUnitTests.xctest; sourceTree = BUILT_PRODUCTS_DIR; };
		9C5B5EC729CC988100FD62D7 /* CategoryStoreTests.swift */ = {isa = PBXFileReference; lastKnownFileType = sourcecode.swift; path = CategoryStoreTests.swift; sourceTree = "<group>"; };
		9C5B5ECE29CC99C800FD62D7 /* CartViewModelTests.swift */ = {isa = PBXFileReference; lastKnownFileType = sourcecode.swift; path = CartViewModelTests.swift; sourceTree = "<group>"; };
		9C60D6CD29D5E24A007AF4B4 /* FileManager.swift */ = {isa = PBXFileReference; lastKnownFileType = sourcecode.swift; path = FileManager.swift; sourceTree = "<group>"; };
		9C76414A29D3298E0072E05E /* Log.swift */ = {isa = PBXFileReference; lastKnownFileType = sourcecode.swift; path = Log.swift; sourceTree = "<group>"; };
		9C86225129B482CB00CF20E8 /* BuyNowCheckoutView.swift */ = {isa = PBXFileReference; lastKnownFileType = sourcecode.swift; path = BuyNowCheckoutView.swift; sourceTree = "<group>"; };
		9C86225529B483A300CF20E8 /* DiscountTypes.swift */ = {isa = PBXFileReference; lastKnownFileType = sourcecode.swift; path = DiscountTypes.swift; sourceTree = "<group>"; };
		9C86225729B48FEC00CF20E8 /* Decimal.swift */ = {isa = PBXFileReference; lastKnownFileType = sourcecode.swift; path = Decimal.swift; sourceTree = "<group>"; };
		9C94667529B20AD500129EB1 /* NFT.swift */ = {isa = PBXFileReference; lastKnownFileType = sourcecode.swift; path = NFT.swift; sourceTree = "<group>"; };
		9C94667729B20AF800129EB1 /* Category.swift */ = {isa = PBXFileReference; lastKnownFileType = sourcecode.swift; path = Category.swift; sourceTree = "<group>"; };
		9C94667929B20B4600129EB1 /* NFTCollection.swift */ = {isa = PBXFileReference; lastKnownFileType = sourcecode.swift; path = NFTCollection.swift; sourceTree = "<group>"; };
		9C94667C29B20BB000129EB1 /* NFTDataManager.swift */ = {isa = PBXFileReference; lastKnownFileType = sourcecode.swift; path = NFTDataManager.swift; sourceTree = "<group>"; };
		9C94667E29B20F7A00129EB1 /* String.swift */ = {isa = PBXFileReference; lastKnownFileType = sourcecode.swift; path = String.swift; sourceTree = "<group>"; };
		9CA1466229D43CAB00090A4F /* UserViewModel.swift */ = {isa = PBXFileReference; lastKnownFileType = sourcecode.swift; path = UserViewModel.swift; sourceTree = "<group>"; };
		9CA1466429D43E1400090A4F /* UserManager.swift */ = {isa = PBXFileReference; lastKnownFileType = sourcecode.swift; path = UserManager.swift; sourceTree = "<group>"; };
		9CAADE7B29D9DC7D00624A00 /* PasswordField.swift */ = {isa = PBXFileReference; lastKnownFileType = sourcecode.swift; path = PasswordField.swift; sourceTree = "<group>"; };
		9CB548CD29BF068B00A67C6D /* Hashable.swift */ = {isa = PBXFileReference; lastKnownFileType = sourcecode.swift; path = Hashable.swift; sourceTree = "<group>"; };
		9CB7A8D929ABAD71008F56F8 /* LikesView.swift */ = {isa = PBXFileReference; lastKnownFileType = sourcecode.swift; path = LikesView.swift; sourceTree = "<group>"; };
		9CB7F37429C705C800ACF69F /* CartItemsListView.swift */ = {isa = PBXFileReference; lastKnownFileType = sourcecode.swift; path = CartItemsListView.swift; sourceTree = "<group>"; };
		9CBB98E029A20C3F00759204 /* Color.swift */ = {isa = PBXFileReference; lastKnownFileType = sourcecode.swift; path = Color.swift; sourceTree = "<group>"; };
		9CBB98E429A2229E00759204 /* GetStartedButtonView.swift */ = {isa = PBXFileReference; lastKnownFileType = sourcecode.swift; path = GetStartedButtonView.swift; sourceTree = "<group>"; };
		9CD226AB29BCF3D600462C35 /* RoundedImageView.swift */ = {isa = PBXFileReference; lastKnownFileType = sourcecode.swift; path = RoundedImageView.swift; sourceTree = "<group>"; };
		9CD226AF29BDCC3E00462C35 /* ShopName.swift */ = {isa = PBXFileReference; lastKnownFileType = sourcecode.swift; path = ShopName.swift; sourceTree = "<group>"; };
		9CD226B229BDCCA500462C35 /* NFTDetailView.swift */ = {isa = PBXFileReference; lastKnownFileType = sourcecode.swift; path = NFTDetailView.swift; sourceTree = "<group>"; };
		9CD226B629BE070700462C35 /* TopInfoSectionView.swift */ = {isa = PBXFileReference; lastKnownFileType = sourcecode.swift; path = TopInfoSectionView.swift; sourceTree = "<group>"; };
		9CD226B829BE20EC00462C35 /* CategoryView.swift */ = {isa = PBXFileReference; lastKnownFileType = sourcecode.swift; path = CategoryView.swift; sourceTree = "<group>"; };
		9CD226BB29BE31F400462C35 /* CollectionView.swift */ = {isa = PBXFileReference; lastKnownFileType = sourcecode.swift; path = CollectionView.swift; sourceTree = "<group>"; };
		9CD7F69929D88DEB00F43AED /* InputField.swift */ = {isa = PBXFileReference; lastKnownFileType = sourcecode.swift; path = InputField.swift; sourceTree = "<group>"; };
		9CD9835429D71C220014B4D0 /* LikesIconView.swift */ = {isa = PBXFileReference; lastKnownFileType = sourcecode.swift; path = LikesIconView.swift; sourceTree = "<group>"; };
		9CDC76C029CDA07300BB607D /* NFTioUITests.xctest */ = {isa = PBXFileReference; explicitFileType = wrapper.cfbundle; includeInIndex = 0; path = NFTioUITests.xctest; sourceTree = BUILT_PRODUCTS_DIR; };
		9CDC76C229CDA07300BB607D /* NFTioUITabNavigationTests.swift */ = {isa = PBXFileReference; lastKnownFileType = sourcecode.swift; path = NFTioUITabNavigationTests.swift; sourceTree = "<group>"; };
		9CDC76C429CDA07300BB607D /* NFTioUITestsLaunchTests.swift */ = {isa = PBXFileReference; lastKnownFileType = sourcecode.swift; path = NFTioUITestsLaunchTests.swift; sourceTree = "<group>"; };
		9CDF21AE29D5996C00DA8D74 /* nftItems.json */ = {isa = PBXFileReference; fileEncoding = 4; lastKnownFileType = text.json; path = nftItems.json; sourceTree = "<group>"; };
		9CF42D01299FC92600CAA856 /* NFTio.app */ = {isa = PBXFileReference; explicitFileType = wrapper.application; includeInIndex = 0; path = NFTio.app; sourceTree = BUILT_PRODUCTS_DIR; };
		9CF42D04299FC92600CAA856 /* NFTioApp.swift */ = {isa = PBXFileReference; lastKnownFileType = sourcecode.swift; path = NFTioApp.swift; sourceTree = "<group>"; };
		9CF42D06299FC92600CAA856 /* ContentView.swift */ = {isa = PBXFileReference; lastKnownFileType = sourcecode.swift; path = ContentView.swift; sourceTree = "<group>"; };
		9CF42D08299FC92800CAA856 /* Assets.xcassets */ = {isa = PBXFileReference; lastKnownFileType = folder.assetcatalog; path = Assets.xcassets; sourceTree = "<group>"; };
		9CF42D0B299FC92800CAA856 /* Preview Assets.xcassets */ = {isa = PBXFileReference; lastKnownFileType = folder.assetcatalog; path = "Preview Assets.xcassets"; sourceTree = "<group>"; };
		9CF42D13299FDC8800CAA856 /* User.swift */ = {isa = PBXFileReference; lastKnownFileType = sourcecode.swift; path = User.swift; sourceTree = "<group>"; };
		9CFD9B2429C4550B00D12148 /* TabNavigationView.swift */ = {isa = PBXFileReference; lastKnownFileType = sourcecode.swift; path = TabNavigationView.swift; sourceTree = "<group>"; };
		9CFD9B2729C45FA200D12148 /* SearchScreenView.swift */ = {isa = PBXFileReference; lastKnownFileType = sourcecode.swift; path = SearchScreenView.swift; sourceTree = "<group>"; };
		9CFD9B2A29C4602E00D12148 /* CartScreenView.swift */ = {isa = PBXFileReference; lastKnownFileType = sourcecode.swift; path = CartScreenView.swift; sourceTree = "<group>"; };
		9CFD9B2D29C460B300D12148 /* ProfileScreenView.swift */ = {isa = PBXFileReference; lastKnownFileType = sourcecode.swift; path = ProfileScreenView.swift; sourceTree = "<group>"; };
		9CFD9B3029C4613600D12148 /* AddNFTForSaleView.swift */ = {isa = PBXFileReference; lastKnownFileType = sourcecode.swift; path = AddNFTForSaleView.swift; sourceTree = "<group>"; };
		9CFD9B3229C487FC00D12148 /* CartViewModel.swift */ = {isa = PBXFileReference; lastKnownFileType = sourcecode.swift; path = CartViewModel.swift; sourceTree = "<group>"; };
		9CFD9B3529C4952500D12148 /* SearchItemCellView.swift */ = {isa = PBXFileReference; lastKnownFileType = sourcecode.swift; path = SearchItemCellView.swift; sourceTree = "<group>"; };
/* End PBXFileReference section */

/* Begin PBXFrameworksBuildPhase section */
		9C5B5EC229CC988100FD62D7 /* Frameworks */ = {
			isa = PBXFrameworksBuildPhase;
			buildActionMask = 2147483647;
			files = (
			);
			runOnlyForDeploymentPostprocessing = 0;
		};
		9CDC76BD29CDA07300BB607D /* Frameworks */ = {
			isa = PBXFrameworksBuildPhase;
			buildActionMask = 2147483647;
			files = (
			);
			runOnlyForDeploymentPostprocessing = 0;
		};
		9CF42CFE299FC92600CAA856 /* Frameworks */ = {
			isa = PBXFrameworksBuildPhase;
			buildActionMask = 2147483647;
			files = (
				9C1F693C29D427DD00690BAE /* FirebaseAuth in Frameworks */,
			);
			runOnlyForDeploymentPostprocessing = 0;
		};
/* End PBXFrameworksBuildPhase section */

/* Begin PBXGroup section */
		9C0386E529A7BCEF00EF4BAD /* WelcomeScreen */ = {
			isa = PBXGroup;
			children = (
				9C2EA9A929A10A99009A831C /* WelcomeScreenView.swift */,
				9C0386E829A7BD9500EF4BAD /* WelcomeTextView.swift */,
				9C0386EE29A7C35700EF4BAD /* AppIconView.swift */,
				9C0386F029A7C3AE00EF4BAD /* WelcomeBackgroundImageView.swift */,
			);
			path = WelcomeScreen;
			sourceTree = "<group>";
		};
		9C0386E629A7BD0600EF4BAD /* OnboardingScreen */ = {
			isa = PBXGroup;
			children = (
				9C2EA9B029A113E9009A831C /* OnboardingScreenView.swift */,
				9CBB98E429A2229E00759204 /* GetStartedButtonView.swift */,
				9C0386EA29A7BE8C00EF4BAD /* DescriptionTextView.swift */,
			);
			path = OnboardingScreen;
			sourceTree = "<group>";
		};
		9C0386E729A7BD5200EF4BAD /* CustomViews */ = {
			isa = PBXGroup;
			children = (
				9CD226AA29BCF3C500462C35 /* ImageViews */,
				9C2EA9B229A14162009A831C /* AppLogo.swift */,
				9C0386EC29A7BF3B00EF4BAD /* RoundedIconViewFilled.swift */,
				9C0386F229A7C4A700EF4BAD /* RoundedIconViewFilledWhite.swift */,
				9C03870029AB5AEE00EF4BAD /* ButtonView.swift */,
				9C0C4E9F29B4E19E0018E546 /* TextViews.swift */,
				9CD226AF29BDCC3E00462C35 /* ShopName.swift */,
			);
			path = CustomViews;
			sourceTree = "<group>";
		};
		9C0386F929AB522400EF4BAD /* HomeScreen */ = {
			isa = PBXGroup;
			children = (
				9C37C1C829BCB54200125E09 /* CollectionView */,
				9C37C1C029BC733500125E09 /* CategoryView */,
				9C37C1C329BC782700125E09 /* NFTListView */,
				9C37C1C629BCB1FB00125E09 /* SectionHeaderView.swift */,
				9C37C1C429BC784300125E09 /* HomeScreenView.swift */,
			);
			path = HomeScreen;
			sourceTree = "<group>";
		};
		9C0C4EA129B4E4510018E546 /* SubViews */ = {
			isa = PBXGroup;
			children = (
				9C0B042229B50008000330AB /* TotalCheckoutAmountView.swift */,
				9C0B042429B50287000330AB /* TotalAmountLabelView.swift */,
				9C0B042629B5225A000330AB /* DiscountAndDiscountAmountView.swift */,
			);
			path = SubViews;
			sourceTree = "<group>";
		};
		9C1F693429D4113500690BAE /* Authentication */ = {
			isa = PBXGroup;
			children = (
				9C1F693529D4115C00690BAE /* AuthScreen.swift */,
				9CD7F69929D88DEB00F43AED /* InputField.swift */,
				9CAADE7B29D9DC7D00624A00 /* PasswordField.swift */,
			);
			path = Authentication;
			sourceTree = "<group>";
		};
		9C1F693A29D427DD00690BAE /* Frameworks */ = {
			isa = PBXGroup;
			children = (
			);
			name = Frameworks;
			sourceTree = "<group>";
		};
		9C21481829BCB8CA00C565B5 /* Fonts */ = {
			isa = PBXGroup;
			children = (
				9C21481629BCB8BC00C565B5 /* Urbanist-Italic-VariableFont_wght.ttf */,
				9C21481729BCB8BC00C565B5 /* Urbanist-VariableFont_wght.ttf */,
				9C21481929BCBAAE00C565B5 /* Urbanist-Black.ttf */,
			);
			path = Fonts;
			sourceTree = "<group>";
		};
		9C2EA9A629A109C0009A831C /* Views */ = {
			isa = PBXGroup;
			children = (
				9C0386F929AB522400EF4BAD /* HomeScreen */,
				9CFD9B2629C45F8000D12148 /* SearchScreen */,
				9CFD9B2F29C4610100D12148 /* AddNFTForSaleScreen */,
				9CFD9B2929C4601200D12148 /* CartScreen */,
				9C86225029B4825000CF20E8 /* Checkout */,
				9CFD9B2C29C4608F00D12148 /* ProfileScreen */,
				9C0386E729A7BD5200EF4BAD /* CustomViews */,
				9C0386E629A7BD0600EF4BAD /* OnboardingScreen */,
				9C0386E529A7BCEF00EF4BAD /* WelcomeScreen */,
				9CD226B129BDCC7000462C35 /* NFTDetailScreen */,
				9CF42D06299FC92600CAA856 /* ContentView.swift */,
				9C0386FE29AB548C00EF4BAD /* NFTViewModel.swift */,
				9C32AA4E29C5AAD0001486DA /* LaunchScreen.swift */,
				9CFD9B2429C4550B00D12148 /* TabNavigationView.swift */,
			);
			path = Views;
			sourceTree = "<group>";
		};
		9C2EA9AB29A10C19009A831C /* App */ = {
			isa = PBXGroup;
			children = (
				9CF42D04299FC92600CAA856 /* NFTioApp.swift */,
				9C76414A29D3298E0072E05E /* Log.swift */,
				9C1F693729D4151B00690BAE /* GoogleService-Info.plist */,
				9C0386F629A7CB5500EF4BAD /* Info.plist */,
				9CF42D08299FC92800CAA856 /* Assets.xcassets */,
				9C21481829BCB8CA00C565B5 /* Fonts */,
				9CF42D0A299FC92800CAA856 /* Preview Content */,
			);
			path = App;
			sourceTree = "<group>";
		};
		9C32AA5229C62818001486DA /* SubViews */ = {
			isa = PBXGroup;
			children = (
				9C0C4EA229B4E4730018E546 /* CartCellTopContentView.swift */,
				9C0B041C29B4ECAE000330AB /* CartCellMainContentView.swift */,
				9C0B041E29B4ECC9000330AB /* CartCellBottomContentView.swift */,
			);
			path = SubViews;
			sourceTree = "<group>";
		};
		9C37C1C029BC733500125E09 /* CategoryView */ = {
			isa = PBXGroup;
			children = (
				9C37C1C129BC738500125E09 /* CategoryListView.swift */,
				9CD226B829BE20EC00462C35 /* CategoryView.swift */,
			);
			path = CategoryView;
			sourceTree = "<group>";
		};
		9C37C1C329BC782700125E09 /* NFTListView */ = {
			isa = PBXGroup;
			children = (
				9CB7A8D829ABAD4F008F56F8 /* SubViews */,
				9C0386FC29AB52B600EF4BAD /* NFTListView.swift */,
			);
			path = NFTListView;
			sourceTree = "<group>";
		};
		9C37C1C829BCB54200125E09 /* CollectionView */ = {
			isa = PBXGroup;
			children = (
				9C37C1C929BCB56800125E09 /* CollectionListView.swift */,
				9CD226BB29BE31F400462C35 /* CollectionView.swift */,
			);
			path = CollectionView;
			sourceTree = "<group>";
		};
		9C5B5EC629CC988100FD62D7 /* NFTioUnitTests */ = {
			isa = PBXGroup;
			children = (
				9C11C00229D045FC00E2C4C7 /* NFTDataManagerTests.swift */,
				9C11C00029D03BD400E2C4C7 /* NFTViewModelTests.swift */,
				9C5B5EC729CC988100FD62D7 /* CategoryStoreTests.swift */,
				9C5B5ECE29CC99C800FD62D7 /* CartViewModelTests.swift */,
			);
			path = NFTioUnitTests;
			sourceTree = "<group>";
		};
		9C86225029B4825000CF20E8 /* Checkout */ = {
			isa = PBXGroup;
			children = (
				9C0C4EA129B4E4510018E546 /* SubViews */,
				9C86225129B482CB00CF20E8 /* BuyNowCheckoutView.swift */,
				9C0C4E9D29B4DDE30018E546 /* CheckoutItemListView.swift */,
			);
			path = Checkout;
			sourceTree = "<group>";
		};
		9C94667B29B20B9300129EB1 /* Managers */ = {
			isa = PBXGroup;
			children = (
				9C94667C29B20BB000129EB1 /* NFTDataManager.swift */,
				9C0C4E9929B4D6470018E546 /* ShoppingCartDataManager.swift */,
				9CA1466429D43E1400090A4F /* UserManager.swift */,
			);
			path = Managers;
			sourceTree = "<group>";
		};
		9CB7A8D829ABAD4F008F56F8 /* SubViews */ = {
			isa = PBXGroup;
			children = (
				9CB7A8D929ABAD71008F56F8 /* LikesView.swift */,
				9C0E478A29ABB64100DEB975 /* PriceView.swift */,
				9C0E478C29ABB6E100DEB975 /* NameView.swift */,
				9C0E478E29ABB73600DEB975 /* CreatorNameView.swift */,
			);
			path = SubViews;
			sourceTree = "<group>";
		};
		9CBB98DF29A20C1700759204 /* Extensions */ = {
			isa = PBXGroup;
			children = (
				9CBB98E029A20C3F00759204 /* Color.swift */,
				9C0386F429A7C54200EF4BAD /* Text.swift */,
				9C94667E29B20F7A00129EB1 /* String.swift */,
				9C86225729B48FEC00CF20E8 /* Decimal.swift */,
				9C0C4EA429B4E5B50018E546 /* NumberFormatter.swift */,
				9CB548CD29BF068B00A67C6D /* Hashable.swift */,
				9C60D6CD29D5E24A007AF4B4 /* FileManager.swift */,
			);
			path = Extensions;
			sourceTree = "<group>";
		};
		9CD226AA29BCF3C500462C35 /* ImageViews */ = {
			isa = PBXGroup;
			children = (
				9CD226AB29BCF3D600462C35 /* RoundedImageView.swift */,
			);
			path = ImageViews;
			sourceTree = "<group>";
		};
		9CD226B129BDCC7000462C35 /* NFTDetailScreen */ = {
			isa = PBXGroup;
			children = (
				9CD9835329D71C030014B4D0 /* SubViews */,
				9CD226B229BDCCA500462C35 /* NFTDetailView.swift */,
			);
			path = NFTDetailScreen;
			sourceTree = "<group>";
		};
		9CD9835329D71C030014B4D0 /* SubViews */ = {
			isa = PBXGroup;
			children = (
				9CD226B629BE070700462C35 /* TopInfoSectionView.swift */,
				9CD9835429D71C220014B4D0 /* LikesIconView.swift */,
			);
			path = SubViews;
			sourceTree = "<group>";
		};
		9CDC76C129CDA07300BB607D /* NFTioUITests */ = {
			isa = PBXGroup;
			children = (
				9C1529B729CED78B00CAC0E1 /* NFTioDetailScreenTests.swift */,
				9C1529B529CED76600CAC0E1 /* NFTioSearchScreenTests.swift */,
				9CDC76C229CDA07300BB607D /* NFTioUITabNavigationTests.swift */,
				9CDC76C429CDA07300BB607D /* NFTioUITestsLaunchTests.swift */,
			);
			path = NFTioUITests;
			sourceTree = "<group>";
		};
		9CDF21AD29D5994500DA8D74 /* Resources */ = {
			isa = PBXGroup;
			children = (
				9C4E9FA629D823CC0061F3E7 /* likedNftItems.json */,
				9C4E9FA829D8243A0061F3E7 /* categories.json */,
				9C4E9FAA29D8251F0061F3E7 /* nftCollections.json */,
				9CDF21AE29D5996C00DA8D74 /* nftItems.json */,
			);
			path = Resources;
			sourceTree = "<group>";
		};
		9CF42CF8299FC92600CAA856 = {
			isa = PBXGroup;
			children = (
				9CF42D03299FC92600CAA856 /* NFTio */,
				9C5B5EC629CC988100FD62D7 /* NFTioUnitTests */,
				9CDC76C129CDA07300BB607D /* NFTioUITests */,
				9CF42D02299FC92600CAA856 /* Products */,
				9C1F693A29D427DD00690BAE /* Frameworks */,
			);
			sourceTree = "<group>";
		};
		9CF42D02299FC92600CAA856 /* Products */ = {
			isa = PBXGroup;
			children = (
				9CF42D01299FC92600CAA856 /* NFTio.app */,
				9C5B5EC529CC988100FD62D7 /* NFTioUnitTests.xctest */,
				9CDC76C029CDA07300BB607D /* NFTioUITests.xctest */,
			);
			name = Products;
			sourceTree = "<group>";
		};
		9CF42D03299FC92600CAA856 /* NFTio */ = {
			isa = PBXGroup;
			children = (
				9CDF21AD29D5994500DA8D74 /* Resources */,
				9C2EA9AB29A10C19009A831C /* App */,
				9C94667B29B20B9300129EB1 /* Managers */,
				9C2EA9A629A109C0009A831C /* Views */,
				9CF42D12299FDC7400CAA856 /* Models */,
				9CBB98DF29A20C1700759204 /* Extensions */,
			);
			path = NFTio;
			sourceTree = "<group>";
		};
		9CF42D0A299FC92800CAA856 /* Preview Content */ = {
			isa = PBXGroup;
			children = (
				9CF42D0B299FC92800CAA856 /* Preview Assets.xcassets */,
			);
			path = "Preview Content";
			sourceTree = "<group>";
		};
		9CF42D12299FDC7400CAA856 /* Models */ = {
			isa = PBXGroup;
			children = (
				9CF42D13299FDC8800CAA856 /* User.swift */,
				9C2EA9AE29A1104E009A831C /* Constants.swift */,
				9C94667529B20AD500129EB1 /* NFT.swift */,
				9C94667729B20AF800129EB1 /* Category.swift */,
				9C94667929B20B4600129EB1 /* NFTCollection.swift */,
				9C86225529B483A300CF20E8 /* DiscountTypes.swift */,
				9C32AA5029C60BB8001486DA /* ShoppingCartItem.swift */,
			);
			path = Models;
			sourceTree = "<group>";
		};
		9CFD9B2629C45F8000D12148 /* SearchScreen */ = {
			isa = PBXGroup;
			children = (
				9CFD9B3429C494E700D12148 /* SubViews */,
				9CFD9B2729C45FA200D12148 /* SearchScreenView.swift */,
			);
			path = SearchScreen;
			sourceTree = "<group>";
		};
		9CFD9B2929C4601200D12148 /* CartScreen */ = {
			isa = PBXGroup;
			children = (
				9C32AA5229C62818001486DA /* SubViews */,
				9C0C4E9B29B4DDC50018E546 /* CartItemCellView.swift */,
				9CFD9B2A29C4602E00D12148 /* CartScreenView.swift */,
				9CB7F37429C705C800ACF69F /* CartItemsListView.swift */,
				9CFD9B3229C487FC00D12148 /* CartViewModel.swift */,
			);
			path = CartScreen;
			sourceTree = "<group>";
		};
		9CFD9B2C29C4608F00D12148 /* ProfileScreen */ = {
			isa = PBXGroup;
			children = (
				9C1F693429D4113500690BAE /* Authentication */,
				9CFD9B2D29C460B300D12148 /* ProfileScreenView.swift */,
				9CA1466229D43CAB00090A4F /* UserViewModel.swift */,
			);
			path = ProfileScreen;
			sourceTree = "<group>";
		};
		9CFD9B2F29C4610100D12148 /* AddNFTForSaleScreen */ = {
			isa = PBXGroup;
			children = (
				9CFD9B3029C4613600D12148 /* AddNFTForSaleView.swift */,
			);
			path = AddNFTForSaleScreen;
			sourceTree = "<group>";
		};
		9CFD9B3429C494E700D12148 /* SubViews */ = {
			isa = PBXGroup;
			children = (
				9CFD9B3529C4952500D12148 /* SearchItemCellView.swift */,
			);
			path = SubViews;
			sourceTree = "<group>";
		};
/* End PBXGroup section */

/* Begin PBXNativeTarget section */
		9C5B5EC429CC988100FD62D7 /* NFTioUnitTests */ = {
			isa = PBXNativeTarget;
			buildConfigurationList = 9C5B5ECD29CC988100FD62D7 /* Build configuration list for PBXNativeTarget "NFTioUnitTests" */;
			buildPhases = (
				9C5B5EC129CC988100FD62D7 /* Sources */,
				9C5B5EC229CC988100FD62D7 /* Frameworks */,
				9C5B5EC329CC988100FD62D7 /* Resources */,
			);
			buildRules = (
			);
			dependencies = (
				9C5B5ECA29CC988100FD62D7 /* PBXTargetDependency */,
			);
			name = NFTioUnitTests;
			productName = NFTioTests;
			productReference = 9C5B5EC529CC988100FD62D7 /* NFTioUnitTests.xctest */;
			productType = "com.apple.product-type.bundle.unit-test";
		};
		9CDC76BF29CDA07300BB607D /* NFTioUITests */ = {
			isa = PBXNativeTarget;
			buildConfigurationList = 9CDC76CA29CDA07300BB607D /* Build configuration list for PBXNativeTarget "NFTioUITests" */;
			buildPhases = (
				9CDC76BC29CDA07300BB607D /* Sources */,
				9CDC76BD29CDA07300BB607D /* Frameworks */,
				9CDC76BE29CDA07300BB607D /* Resources */,
			);
			buildRules = (
			);
			dependencies = (
				9CDC76C729CDA07300BB607D /* PBXTargetDependency */,
			);
			name = NFTioUITests;
			productName = NFTioUITests;
			productReference = 9CDC76C029CDA07300BB607D /* NFTioUITests.xctest */;
			productType = "com.apple.product-type.bundle.ui-testing";
		};
		9CF42D00299FC92600CAA856 /* NFTio */ = {
			isa = PBXNativeTarget;
			buildConfigurationList = 9CF42D0F299FC92800CAA856 /* Build configuration list for PBXNativeTarget "NFTio" */;
			buildPhases = (
				9CF42CFD299FC92600CAA856 /* Sources */,
				9CF42CFE299FC92600CAA856 /* Frameworks */,
				9CF42CFF299FC92600CAA856 /* Resources */,
			);
			buildRules = (
			);
			dependencies = (
			);
			name = NFTio;
			packageProductDependencies = (
				9C1F693B29D427DD00690BAE /* FirebaseAuth */,
			);
			productName = NFTio;
			productReference = 9CF42D01299FC92600CAA856 /* NFTio.app */;
			productType = "com.apple.product-type.application";
		};
/* End PBXNativeTarget section */

/* Begin PBXProject section */
		9CF42CF9299FC92600CAA856 /* Project object */ = {
			isa = PBXProject;
			attributes = {
				BuildIndependentTargetsInParallel = 1;
				LastSwiftUpdateCheck = 1400;
				LastUpgradeCheck = 1400;
				TargetAttributes = {
					9C5B5EC429CC988100FD62D7 = {
						CreatedOnToolsVersion = 14.0.1;
						TestTargetID = 9CF42D00299FC92600CAA856;
					};
					9CDC76BF29CDA07300BB607D = {
						CreatedOnToolsVersion = 14.0.1;
						TestTargetID = 9CF42D00299FC92600CAA856;
					};
					9CF42D00299FC92600CAA856 = {
						CreatedOnToolsVersion = 14.0.1;
					};
				};
			};
			buildConfigurationList = 9CF42CFC299FC92600CAA856 /* Build configuration list for PBXProject "NFTio" */;
			compatibilityVersion = "Xcode 14.0";
			developmentRegion = en;
			hasScannedForEncodings = 0;
			knownRegions = (
				en,
				Base,
			);
			mainGroup = 9CF42CF8299FC92600CAA856;
			packageReferences = (
				9C1F693929D415E600690BAE /* XCRemoteSwiftPackageReference "firebase-ios-sdk" */,
			);
			productRefGroup = 9CF42D02299FC92600CAA856 /* Products */;
			projectDirPath = "";
			projectRoot = "";
			targets = (
				9CF42D00299FC92600CAA856 /* NFTio */,
				9C5B5EC429CC988100FD62D7 /* NFTioUnitTests */,
				9CDC76BF29CDA07300BB607D /* NFTioUITests */,
			);
		};
/* End PBXProject section */

/* Begin PBXResourcesBuildPhase section */
		9C5B5EC329CC988100FD62D7 /* Resources */ = {
			isa = PBXResourcesBuildPhase;
			buildActionMask = 2147483647;
			files = (
			);
			runOnlyForDeploymentPostprocessing = 0;
		};
		9CDC76BE29CDA07300BB607D /* Resources */ = {
			isa = PBXResourcesBuildPhase;
			buildActionMask = 2147483647;
			files = (
			);
			runOnlyForDeploymentPostprocessing = 0;
		};
		9CF42CFF299FC92600CAA856 /* Resources */ = {
			isa = PBXResourcesBuildPhase;
			buildActionMask = 2147483647;
			files = (
				9C4E9FAB29D8251F0061F3E7 /* nftCollections.json in Resources */,
				9C4E9FA729D823CC0061F3E7 /* likedNftItems.json in Resources */,
				9C4E9FA929D8243B0061F3E7 /* categories.json in Resources */,
				9CF42D0C299FC92800CAA856 /* Preview Assets.xcassets in Resources */,
				9CDF21AF29D5996C00DA8D74 /* nftItems.json in Resources */,
				9CF42D09299FC92800CAA856 /* Assets.xcassets in Resources */,
				9C1F693829D4151C00690BAE /* GoogleService-Info.plist in Resources */,
			);
			runOnlyForDeploymentPostprocessing = 0;
		};
/* End PBXResourcesBuildPhase section */

/* Begin PBXSourcesBuildPhase section */
		9C5B5EC129CC988100FD62D7 /* Sources */ = {
			isa = PBXSourcesBuildPhase;
			buildActionMask = 2147483647;
			files = (
				9C11C00329D045FC00E2C4C7 /* NFTDataManagerTests.swift in Sources */,
				9C11C00129D03BD400E2C4C7 /* NFTViewModelTests.swift in Sources */,
				9C5B5ECF29CC99C800FD62D7 /* CartViewModelTests.swift in Sources */,
				9C5B5EC829CC988100FD62D7 /* CategoryStoreTests.swift in Sources */,
			);
			runOnlyForDeploymentPostprocessing = 0;
		};
		9CDC76BC29CDA07300BB607D /* Sources */ = {
			isa = PBXSourcesBuildPhase;
			buildActionMask = 2147483647;
			files = (
				9CDC76C329CDA07300BB607D /* NFTioUITabNavigationTests.swift in Sources */,
				9C1529B829CED78B00CAC0E1 /* NFTioDetailScreenTests.swift in Sources */,
				9C1529B629CED76600CAC0E1 /* NFTioSearchScreenTests.swift in Sources */,
				9CDC76C529CDA07300BB607D /* NFTioUITestsLaunchTests.swift in Sources */,
			);
			runOnlyForDeploymentPostprocessing = 0;
		};
		9CF42CFD299FC92600CAA856 /* Sources */ = {
			isa = PBXSourcesBuildPhase;
			buildActionMask = 2147483647;
			files = (
				9CD226B029BDCC3E00462C35 /* ShopName.swift in Sources */,
				9C94667F29B20F7A00129EB1 /* String.swift in Sources */,
				9C76414B29D3298E0072E05E /* Log.swift in Sources */,
				9CFD9B3629C4952500D12148 /* SearchItemCellView.swift in Sources */,
				9C0386FD29AB52B600EF4BAD /* NFTListView.swift in Sources */,
				9C0C4EA029B4E19E0018E546 /* TextViews.swift in Sources */,
				9CF42D07299FC92600CAA856 /* ContentView.swift in Sources */,
				9CD226B729BE070700462C35 /* TopInfoSectionView.swift in Sources */,
				9CF42D05299FC92600CAA856 /* NFTioApp.swift in Sources */,
				9C60D6CE29D5E24A007AF4B4 /* FileManager.swift in Sources */,
				9C0386F329A7C4A700EF4BAD /* RoundedIconViewFilledWhite.swift in Sources */,
				9C2EA9B329A14162009A831C /* AppLogo.swift in Sources */,
				9C0B041F29B4ECC9000330AB /* CartCellBottomContentView.swift in Sources */,
				9C0E478D29ABB6E100DEB975 /* NameView.swift in Sources */,
				9C94667D29B20BB000129EB1 /* NFTDataManager.swift in Sources */,
				9C2EA9B129A113E9009A831C /* OnboardingScreenView.swift in Sources */,
				9C0B042729B5225A000330AB /* DiscountAndDiscountAmountView.swift in Sources */,
				9CFD9B2829C45FA200D12148 /* SearchScreenView.swift in Sources */,
				9C0C4EA529B4E5B50018E546 /* NumberFormatter.swift in Sources */,
				9CF42D14299FDC8800CAA856 /* User.swift in Sources */,
				9C32AA5129C60BB8001486DA /* ShoppingCartItem.swift in Sources */,
				9CA1466329D43CAB00090A4F /* UserViewModel.swift in Sources */,
				9CBB98E529A2229E00759204 /* GetStartedButtonView.swift in Sources */,
				9CB548CE29BF068B00A67C6D /* Hashable.swift in Sources */,
				9C0C4E9A29B4D6470018E546 /* ShoppingCartDataManager.swift in Sources */,
				9C0386F529A7C54200EF4BAD /* Text.swift in Sources */,
				9C86225629B483A300CF20E8 /* DiscountTypes.swift in Sources */,
				9C0386E929A7BD9500EF4BAD /* WelcomeTextView.swift in Sources */,
				9CFD9B2529C4550B00D12148 /* TabNavigationView.swift in Sources */,
				9C0386ED29A7BF3B00EF4BAD /* RoundedIconViewFilled.swift in Sources */,
				9CFD9B3329C487FC00D12148 /* CartViewModel.swift in Sources */,
				9C2EA9AA29A10A99009A831C /* WelcomeScreenView.swift in Sources */,
				9C2EA9AF29A1104E009A831C /* Constants.swift in Sources */,
				9C86225229B482CB00CF20E8 /* BuyNowCheckoutView.swift in Sources */,
				9CD226B929BE20EC00462C35 /* CategoryView.swift in Sources */,
				9CAADE7C29D9DC7D00624A00 /* PasswordField.swift in Sources */,
				9C94667629B20AD500129EB1 /* NFT.swift in Sources */,
				9C0B041D29B4ECAE000330AB /* CartCellMainContentView.swift in Sources */,
				9C0386FF29AB548C00EF4BAD /* NFTViewModel.swift in Sources */,
				9CD9835529D71C220014B4D0 /* LikesIconView.swift in Sources */,
				9CFD9B3129C4613600D12148 /* AddNFTForSaleView.swift in Sources */,
				9C37C1C529BC784300125E09 /* HomeScreenView.swift in Sources */,
				9CFD9B2E29C460B300D12148 /* ProfileScreenView.swift in Sources */,
				9CB7F37529C705C900ACF69F /* CartItemsListView.swift in Sources */,
				9CD226BC29BE31F400462C35 /* CollectionView.swift in Sources */,
				9C32AA4F29C5AAD0001486DA /* LaunchScreen.swift in Sources */,
				9C37C1CA29BCB56800125E09 /* CollectionListView.swift in Sources */,
				9CD7F69A29D88DEB00F43AED /* InputField.swift in Sources */,
				9C0386EB29A7BE8C00EF4BAD /* DescriptionTextView.swift in Sources */,
				9C37C1C229BC738500125E09 /* CategoryListView.swift in Sources */,
				9CBB98E129A20C3F00759204 /* Color.swift in Sources */,
				9C0E478B29ABB64100DEB975 /* PriceView.swift in Sources */,
				9C94667A29B20B4600129EB1 /* NFTCollection.swift in Sources */,
				9CD226AC29BCF3D600462C35 /* RoundedImageView.swift in Sources */,
				9CA1466529D43E1400090A4F /* UserManager.swift in Sources */,
				9C0E478F29ABB73600DEB975 /* CreatorNameView.swift in Sources */,
				9CB7A8DA29ABAD71008F56F8 /* LikesView.swift in Sources */,
				9C86225829B48FEC00CF20E8 /* Decimal.swift in Sources */,
				9CD226B329BDCCA500462C35 /* NFTDetailView.swift in Sources */,
				9C1F693629D4115C00690BAE /* AuthScreen.swift in Sources */,
				9C0C4E9E29B4DDE30018E546 /* CheckoutItemListView.swift in Sources */,
				9C0B042529B50287000330AB /* TotalAmountLabelView.swift in Sources */,
				9C94667829B20AF800129EB1 /* Category.swift in Sources */,
				9C0386EF29A7C35700EF4BAD /* AppIconView.swift in Sources */,
				9C0C4EA329B4E4730018E546 /* CartCellTopContentView.swift in Sources */,
				9C37C1C729BCB1FB00125E09 /* SectionHeaderView.swift in Sources */,
				9C0386F129A7C3AE00EF4BAD /* WelcomeBackgroundImageView.swift in Sources */,
				9C0B042329B50008000330AB /* TotalCheckoutAmountView.swift in Sources */,
				9C03870129AB5AEE00EF4BAD /* ButtonView.swift in Sources */,
				9CFD9B2B29C4602E00D12148 /* CartScreenView.swift in Sources */,
				9C0C4E9C29B4DDC50018E546 /* CartItemCellView.swift in Sources */,
			);
			runOnlyForDeploymentPostprocessing = 0;
		};
/* End PBXSourcesBuildPhase section */

/* Begin PBXTargetDependency section */
		9C5B5ECA29CC988100FD62D7 /* PBXTargetDependency */ = {
			isa = PBXTargetDependency;
			target = 9CF42D00299FC92600CAA856 /* NFTio */;
			targetProxy = 9C5B5EC929CC988100FD62D7 /* PBXContainerItemProxy */;
		};
		9CDC76C729CDA07300BB607D /* PBXTargetDependency */ = {
			isa = PBXTargetDependency;
			target = 9CF42D00299FC92600CAA856 /* NFTio */;
			targetProxy = 9CDC76C629CDA07300BB607D /* PBXContainerItemProxy */;
		};
/* End PBXTargetDependency section */

/* Begin XCBuildConfiguration section */
		9C5B5ECB29CC988100FD62D7 /* Debug */ = {
			isa = XCBuildConfiguration;
			buildSettings = {
				BUNDLE_LOADER = "$(TEST_HOST)";
				CODE_SIGN_STYLE = Automatic;
				CURRENT_PROJECT_VERSION = 1;
				DEVELOPMENT_TEAM = NV786K8W94;
				GENERATE_INFOPLIST_FILE = YES;
				IPHONEOS_DEPLOYMENT_TARGET = 16.0;
				MACOSX_DEPLOYMENT_TARGET = 12.3;
				MARKETING_VERSION = 1.0;
				PRODUCT_BUNDLE_IDENTIFIER = com.kutelov.NFTioTests;
				PRODUCT_NAME = "$(TARGET_NAME)";
				SDKROOT = auto;
				SUPPORTED_PLATFORMS = "iphoneos iphonesimulator macosx";
				SWIFT_EMIT_LOC_STRINGS = NO;
				SWIFT_VERSION = 5.0;
				TARGETED_DEVICE_FAMILY = "1,2";
				TEST_HOST = "$(BUILT_PRODUCTS_DIR)/NFTio.app/$(BUNDLE_EXECUTABLE_FOLDER_PATH)/NFTio";
			};
			name = Debug;
		};
		9C5B5ECC29CC988100FD62D7 /* Release */ = {
			isa = XCBuildConfiguration;
			buildSettings = {
				BUNDLE_LOADER = "$(TEST_HOST)";
				CODE_SIGN_STYLE = Automatic;
				CURRENT_PROJECT_VERSION = 1;
				DEVELOPMENT_TEAM = NV786K8W94;
				GENERATE_INFOPLIST_FILE = YES;
				IPHONEOS_DEPLOYMENT_TARGET = 16.0;
				MACOSX_DEPLOYMENT_TARGET = 12.3;
				MARKETING_VERSION = 1.0;
				PRODUCT_BUNDLE_IDENTIFIER = com.kutelov.NFTioTests;
				PRODUCT_NAME = "$(TARGET_NAME)";
				SDKROOT = auto;
				SUPPORTED_PLATFORMS = "iphoneos iphonesimulator macosx";
				SWIFT_EMIT_LOC_STRINGS = NO;
				SWIFT_VERSION = 5.0;
				TARGETED_DEVICE_FAMILY = "1,2";
				TEST_HOST = "$(BUILT_PRODUCTS_DIR)/NFTio.app/$(BUNDLE_EXECUTABLE_FOLDER_PATH)/NFTio";
			};
			name = Release;
		};
		9CDC76C829CDA07300BB607D /* Debug */ = {
			isa = XCBuildConfiguration;
			buildSettings = {
				CODE_SIGN_STYLE = Automatic;
				CURRENT_PROJECT_VERSION = 1;
				DEVELOPMENT_TEAM = NV786K8W94;
				GENERATE_INFOPLIST_FILE = YES;
				MARKETING_VERSION = 1.0;
				PRODUCT_BUNDLE_IDENTIFIER = com.kutelov.NFTioUITests;
				PRODUCT_NAME = "$(TARGET_NAME)";
				SWIFT_EMIT_LOC_STRINGS = NO;
				SWIFT_VERSION = 5.0;
				TARGETED_DEVICE_FAMILY = "1,2";
				TEST_TARGET_NAME = NFTio;
			};
			name = Debug;
		};
		9CDC76C929CDA07300BB607D /* Release */ = {
			isa = XCBuildConfiguration;
			buildSettings = {
				CODE_SIGN_STYLE = Automatic;
				CURRENT_PROJECT_VERSION = 1;
				DEVELOPMENT_TEAM = NV786K8W94;
				GENERATE_INFOPLIST_FILE = YES;
				MARKETING_VERSION = 1.0;
				PRODUCT_BUNDLE_IDENTIFIER = com.kutelov.NFTioUITests;
				PRODUCT_NAME = "$(TARGET_NAME)";
				SWIFT_EMIT_LOC_STRINGS = NO;
				SWIFT_VERSION = 5.0;
				TARGETED_DEVICE_FAMILY = "1,2";
				TEST_TARGET_NAME = NFTio;
			};
			name = Release;
		};
		9CF42D0D299FC92800CAA856 /* Debug */ = {
			isa = XCBuildConfiguration;
			buildSettings = {
				ALWAYS_SEARCH_USER_PATHS = NO;
				CLANG_ANALYZER_NONNULL = YES;
				CLANG_ANALYZER_NUMBER_OBJECT_CONVERSION = YES_AGGRESSIVE;
				CLANG_CXX_LANGUAGE_STANDARD = "gnu++20";
				CLANG_ENABLE_MODULES = YES;
				CLANG_ENABLE_OBJC_ARC = YES;
				CLANG_ENABLE_OBJC_WEAK = YES;
				CLANG_WARN_BLOCK_CAPTURE_AUTORELEASING = YES;
				CLANG_WARN_BOOL_CONVERSION = YES;
				CLANG_WARN_COMMA = YES;
				CLANG_WARN_CONSTANT_CONVERSION = YES;
				CLANG_WARN_DEPRECATED_OBJC_IMPLEMENTATIONS = YES;
				CLANG_WARN_DIRECT_OBJC_ISA_USAGE = YES_ERROR;
				CLANG_WARN_DOCUMENTATION_COMMENTS = YES;
				CLANG_WARN_EMPTY_BODY = YES;
				CLANG_WARN_ENUM_CONVERSION = YES;
				CLANG_WARN_INFINITE_RECURSION = YES;
				CLANG_WARN_INT_CONVERSION = YES;
				CLANG_WARN_NON_LITERAL_NULL_CONVERSION = YES;
				CLANG_WARN_OBJC_IMPLICIT_RETAIN_SELF = YES;
				CLANG_WARN_OBJC_LITERAL_CONVERSION = YES;
				CLANG_WARN_OBJC_ROOT_CLASS = YES_ERROR;
				CLANG_WARN_QUOTED_INCLUDE_IN_FRAMEWORK_HEADER = YES;
				CLANG_WARN_RANGE_LOOP_ANALYSIS = YES;
				CLANG_WARN_STRICT_PROTOTYPES = YES;
				CLANG_WARN_SUSPICIOUS_MOVE = YES;
				CLANG_WARN_UNGUARDED_AVAILABILITY = YES_AGGRESSIVE;
				CLANG_WARN_UNREACHABLE_CODE = YES;
				CLANG_WARN__DUPLICATE_METHOD_MATCH = YES;
				COPY_PHASE_STRIP = NO;
				DEBUG_INFORMATION_FORMAT = dwarf;
				ENABLE_STRICT_OBJC_MSGSEND = YES;
				ENABLE_TESTABILITY = YES;
				GCC_C_LANGUAGE_STANDARD = gnu11;
				GCC_DYNAMIC_NO_PIC = NO;
				GCC_NO_COMMON_BLOCKS = YES;
				GCC_OPTIMIZATION_LEVEL = 0;
				GCC_PREPROCESSOR_DEFINITIONS = (
					"DEBUG=1",
					"$(inherited)",
				);
				GCC_WARN_64_TO_32_BIT_CONVERSION = YES;
				GCC_WARN_ABOUT_RETURN_TYPE = YES_ERROR;
				GCC_WARN_UNDECLARED_SELECTOR = YES;
				GCC_WARN_UNINITIALIZED_AUTOS = YES_AGGRESSIVE;
				GCC_WARN_UNUSED_FUNCTION = YES;
				GCC_WARN_UNUSED_VARIABLE = YES;
				IPHONEOS_DEPLOYMENT_TARGET = 16.0;
				MTL_ENABLE_DEBUG_INFO = INCLUDE_SOURCE;
				MTL_FAST_MATH = YES;
				ONLY_ACTIVE_ARCH = YES;
				SDKROOT = iphoneos;
				SWIFT_ACTIVE_COMPILATION_CONDITIONS = DEBUG;
				SWIFT_OPTIMIZATION_LEVEL = "-Onone";
			};
			name = Debug;
		};
		9CF42D0E299FC92800CAA856 /* Release */ = {
			isa = XCBuildConfiguration;
			buildSettings = {
				ALWAYS_SEARCH_USER_PATHS = NO;
				CLANG_ANALYZER_NONNULL = YES;
				CLANG_ANALYZER_NUMBER_OBJECT_CONVERSION = YES_AGGRESSIVE;
				CLANG_CXX_LANGUAGE_STANDARD = "gnu++20";
				CLANG_ENABLE_MODULES = YES;
				CLANG_ENABLE_OBJC_ARC = YES;
				CLANG_ENABLE_OBJC_WEAK = YES;
				CLANG_WARN_BLOCK_CAPTURE_AUTORELEASING = YES;
				CLANG_WARN_BOOL_CONVERSION = YES;
				CLANG_WARN_COMMA = YES;
				CLANG_WARN_CONSTANT_CONVERSION = YES;
				CLANG_WARN_DEPRECATED_OBJC_IMPLEMENTATIONS = YES;
				CLANG_WARN_DIRECT_OBJC_ISA_USAGE = YES_ERROR;
				CLANG_WARN_DOCUMENTATION_COMMENTS = YES;
				CLANG_WARN_EMPTY_BODY = YES;
				CLANG_WARN_ENUM_CONVERSION = YES;
				CLANG_WARN_INFINITE_RECURSION = YES;
				CLANG_WARN_INT_CONVERSION = YES;
				CLANG_WARN_NON_LITERAL_NULL_CONVERSION = YES;
				CLANG_WARN_OBJC_IMPLICIT_RETAIN_SELF = YES;
				CLANG_WARN_OBJC_LITERAL_CONVERSION = YES;
				CLANG_WARN_OBJC_ROOT_CLASS = YES_ERROR;
				CLANG_WARN_QUOTED_INCLUDE_IN_FRAMEWORK_HEADER = YES;
				CLANG_WARN_RANGE_LOOP_ANALYSIS = YES;
				CLANG_WARN_STRICT_PROTOTYPES = YES;
				CLANG_WARN_SUSPICIOUS_MOVE = YES;
				CLANG_WARN_UNGUARDED_AVAILABILITY = YES_AGGRESSIVE;
				CLANG_WARN_UNREACHABLE_CODE = YES;
				CLANG_WARN__DUPLICATE_METHOD_MATCH = YES;
				COPY_PHASE_STRIP = NO;
				DEBUG_INFORMATION_FORMAT = "dwarf-with-dsym";
				ENABLE_NS_ASSERTIONS = NO;
				ENABLE_STRICT_OBJC_MSGSEND = YES;
				GCC_C_LANGUAGE_STANDARD = gnu11;
				GCC_NO_COMMON_BLOCKS = YES;
				GCC_WARN_64_TO_32_BIT_CONVERSION = YES;
				GCC_WARN_ABOUT_RETURN_TYPE = YES_ERROR;
				GCC_WARN_UNDECLARED_SELECTOR = YES;
				GCC_WARN_UNINITIALIZED_AUTOS = YES_AGGRESSIVE;
				GCC_WARN_UNUSED_FUNCTION = YES;
				GCC_WARN_UNUSED_VARIABLE = YES;
				IPHONEOS_DEPLOYMENT_TARGET = 16.0;
				MTL_ENABLE_DEBUG_INFO = NO;
				MTL_FAST_MATH = YES;
				SDKROOT = iphoneos;
				SWIFT_COMPILATION_MODE = wholemodule;
				SWIFT_OPTIMIZATION_LEVEL = "-O";
				VALIDATE_PRODUCT = YES;
			};
			name = Release;
		};
		9CF42D10299FC92800CAA856 /* Debug */ = {
			isa = XCBuildConfiguration;
			buildSettings = {
				ASSETCATALOG_COMPILER_APPICON_NAME = AppIcon;
				ASSETCATALOG_COMPILER_GLOBAL_ACCENT_COLOR_NAME = AccentColor;
				CODE_SIGN_STYLE = Automatic;
				CURRENT_PROJECT_VERSION = 1;
				DEVELOPMENT_ASSET_PATHS = "\"NFTio/App/Preview Content\"";
				DEVELOPMENT_TEAM = NV786K8W94;
				ENABLE_PREVIEWS = YES;
				EXCLUDED_ARCHS = "";
				GENERATE_INFOPLIST_FILE = YES;
				INFOPLIST_FILE = NFTio/App/Info.plist;
				INFOPLIST_KEY_CFBundleDisplayName = NFTio;
				INFOPLIST_KEY_LSApplicationCategoryType = "public.app-category.shopping";
				INFOPLIST_KEY_UIApplicationSupportsIndirectInputEvents = YES;
				INFOPLIST_KEY_UILaunchScreen_Generation = YES;
				INFOPLIST_KEY_UISupportedInterfaceOrientations_iPad = "UIInterfaceOrientationPortrait UIInterfaceOrientationPortraitUpsideDown UIInterfaceOrientationLandscapeLeft UIInterfaceOrientationLandscapeRight";
				INFOPLIST_KEY_UISupportedInterfaceOrientations_iPhone = "UIInterfaceOrientationPortrait UIInterfaceOrientationLandscapeLeft UIInterfaceOrientationLandscapeRight";
				LD_RUNPATH_SEARCH_PATHS = (
					"$(inherited)",
					"@executable_path/Frameworks",
				);
				MARKETING_VERSION = 1.0;
				PRODUCT_BUNDLE_IDENTIFIER = com.kutelov.NFTio;
				PRODUCT_NAME = "$(TARGET_NAME)";
				SWIFT_EMIT_LOC_STRINGS = YES;
				SWIFT_VERSION = 5.0;
				TARGETED_DEVICE_FAMILY = "1,2";
			};
			name = Debug;
		};
		9CF42D11299FC92800CAA856 /* Release */ = {
			isa = XCBuildConfiguration;
			buildSettings = {
				ASSETCATALOG_COMPILER_APPICON_NAME = AppIcon;
				ASSETCATALOG_COMPILER_GLOBAL_ACCENT_COLOR_NAME = AccentColor;
				CODE_SIGN_STYLE = Automatic;
				CURRENT_PROJECT_VERSION = 1;
				DEVELOPMENT_ASSET_PATHS = "\"NFTio/App/Preview Content\"";
				DEVELOPMENT_TEAM = NV786K8W94;
				ENABLE_PREVIEWS = YES;
				EXCLUDED_ARCHS = "";
				GENERATE_INFOPLIST_FILE = YES;
				INFOPLIST_FILE = NFTio/App/Info.plist;
				INFOPLIST_KEY_CFBundleDisplayName = NFTio;
				INFOPLIST_KEY_LSApplicationCategoryType = "public.app-category.shopping";
				INFOPLIST_KEY_UIApplicationSupportsIndirectInputEvents = YES;
				INFOPLIST_KEY_UILaunchScreen_Generation = YES;
				INFOPLIST_KEY_UISupportedInterfaceOrientations_iPad = "UIInterfaceOrientationPortrait UIInterfaceOrientationPortraitUpsideDown UIInterfaceOrientationLandscapeLeft UIInterfaceOrientationLandscapeRight";
				INFOPLIST_KEY_UISupportedInterfaceOrientations_iPhone = "UIInterfaceOrientationPortrait UIInterfaceOrientationLandscapeLeft UIInterfaceOrientationLandscapeRight";
				LD_RUNPATH_SEARCH_PATHS = (
					"$(inherited)",
					"@executable_path/Frameworks",
				);
				MARKETING_VERSION = 1.0;
				PRODUCT_BUNDLE_IDENTIFIER = com.kutelov.NFTio;
				PRODUCT_NAME = "$(TARGET_NAME)";
				SWIFT_EMIT_LOC_STRINGS = YES;
				SWIFT_VERSION = 5.0;
				TARGETED_DEVICE_FAMILY = "1,2";
			};
			name = Release;
		};
/* End XCBuildConfiguration section */

/* Begin XCConfigurationList section */
		9C5B5ECD29CC988100FD62D7 /* Build configuration list for PBXNativeTarget "NFTioUnitTests" */ = {
			isa = XCConfigurationList;
			buildConfigurations = (
				9C5B5ECB29CC988100FD62D7 /* Debug */,
				9C5B5ECC29CC988100FD62D7 /* Release */,
			);
			defaultConfigurationIsVisible = 0;
			defaultConfigurationName = Release;
		};
		9CDC76CA29CDA07300BB607D /* Build configuration list for PBXNativeTarget "NFTioUITests" */ = {
			isa = XCConfigurationList;
			buildConfigurations = (
				9CDC76C829CDA07300BB607D /* Debug */,
				9CDC76C929CDA07300BB607D /* Release */,
			);
			defaultConfigurationIsVisible = 0;
			defaultConfigurationName = Release;
		};
		9CF42CFC299FC92600CAA856 /* Build configuration list for PBXProject "NFTio" */ = {
			isa = XCConfigurationList;
			buildConfigurations = (
				9CF42D0D299FC92800CAA856 /* Debug */,
				9CF42D0E299FC92800CAA856 /* Release */,
			);
			defaultConfigurationIsVisible = 0;
			defaultConfigurationName = Release;
		};
		9CF42D0F299FC92800CAA856 /* Build configuration list for PBXNativeTarget "NFTio" */ = {
			isa = XCConfigurationList;
			buildConfigurations = (
				9CF42D10299FC92800CAA856 /* Debug */,
				9CF42D11299FC92800CAA856 /* Release */,
			);
			defaultConfigurationIsVisible = 0;
			defaultConfigurationName = Release;
		};
/* End XCConfigurationList section */

/* Begin XCRemoteSwiftPackageReference section */
		9C1F693929D415E600690BAE /* XCRemoteSwiftPackageReference "firebase-ios-sdk" */ = {
			isa = XCRemoteSwiftPackageReference;
			repositoryURL = "https://github.com/firebase/firebase-ios-sdk.git";
			requirement = {
				branch = master;
				kind = branch;
			};
		};
/* End XCRemoteSwiftPackageReference section */

/* Begin XCSwiftPackageProductDependency section */
		9C1F693B29D427DD00690BAE /* FirebaseAuth */ = {
			isa = XCSwiftPackageProductDependency;
			package = 9C1F693929D415E600690BAE /* XCRemoteSwiftPackageReference "firebase-ios-sdk" */;
			productName = FirebaseAuth;
		};
/* End XCSwiftPackageProductDependency section */
	};
	rootObject = 9CF42CF9299FC92600CAA856 /* Project object */;
}
