// !$*UTF8*$!
{
	archiveVersion = 1;
	classes = {
	};
	objectVersion = 56;
	objects = {

/* Begin PBXBuildFile section */
		9C0386E929A7BD9500EF4BAD /* WelcomeTextView.swift in Sources */ = {isa = PBXBuildFile; fileRef = 9C0386E829A7BD9500EF4BAD /* WelcomeTextView.swift */; };
		9C0386EB29A7BE8C00EF4BAD /* DescriptionTextView.swift in Sources */ = {isa = PBXBuildFile; fileRef = 9C0386EA29A7BE8C00EF4BAD /* DescriptionTextView.swift */; };
		9C0386ED29A7BF3B00EF4BAD /* RoundedIconViewFilled.swift in Sources */ = {isa = PBXBuildFile; fileRef = 9C0386EC29A7BF3B00EF4BAD /* RoundedIconViewFilled.swift */; };
		9C0386EF29A7C35700EF4BAD /* AppIconView.swift in Sources */ = {isa = PBXBuildFile; fileRef = 9C0386EE29A7C35700EF4BAD /* AppIconView.swift */; };
		9C0386F129A7C3AE00EF4BAD /* WelcomeBackgroundImageView.swift in Sources */ = {isa = PBXBuildFile; fileRef = 9C0386F029A7C3AE00EF4BAD /* WelcomeBackgroundImageView.swift */; };
		9C0386F329A7C4A700EF4BAD /* RoundedIconViewFilledWhite.swift in Sources */ = {isa = PBXBuildFile; fileRef = 9C0386F229A7C4A700EF4BAD /* RoundedIconViewFilledWhite.swift */; };
		9C0386F529A7C54200EF4BAD /* Text.swift in Sources */ = {isa = PBXBuildFile; fileRef = 9C0386F429A7C54200EF4BAD /* Text.swift */; };
		9C0386FD29AB52B600EF4BAD /* NFTListView.swift in Sources */ = {isa = PBXBuildFile; fileRef = 9C0386FC29AB52B600EF4BAD /* NFTListView.swift */; };
		9C0386FF29AB548C00EF4BAD /* HomeViewViewModel.swift in Sources */ = {isa = PBXBuildFile; fileRef = 9C0386FE29AB548C00EF4BAD /* HomeViewViewModel.swift */; };
		9C03870129AB5AEE00EF4BAD /* ButtonView.swift in Sources */ = {isa = PBXBuildFile; fileRef = 9C03870029AB5AEE00EF4BAD /* ButtonView.swift */; };
		9C0B041D29B4ECAE000330AB /* CheckoutCellMainContentView.swift in Sources */ = {isa = PBXBuildFile; fileRef = 9C0B041C29B4ECAE000330AB /* CheckoutCellMainContentView.swift */; };
		9C0B041F29B4ECC9000330AB /* CheckoutCellBottomContentView.swift in Sources */ = {isa = PBXBuildFile; fileRef = 9C0B041E29B4ECC9000330AB /* CheckoutCellBottomContentView.swift */; };
		9C0B042129B4FE55000330AB /* CardEthereumPriceView.swift in Sources */ = {isa = PBXBuildFile; fileRef = 9C0B042029B4FE54000330AB /* CardEthereumPriceView.swift */; };
		9C0B042329B50008000330AB /* TotalCheckoutAmountView.swift in Sources */ = {isa = PBXBuildFile; fileRef = 9C0B042229B50008000330AB /* TotalCheckoutAmountView.swift */; };
		9C0B042529B50287000330AB /* TotalAmountLabelView.swift in Sources */ = {isa = PBXBuildFile; fileRef = 9C0B042429B50287000330AB /* TotalAmountLabelView.swift */; };
		9C0B042729B5225A000330AB /* DiscountAndDiscountAmountView.swift in Sources */ = {isa = PBXBuildFile; fileRef = 9C0B042629B5225A000330AB /* DiscountAndDiscountAmountView.swift */; };
		9C0C4E9A29B4D6470018E546 /* ShoppingCartDataManager.swift in Sources */ = {isa = PBXBuildFile; fileRef = 9C0C4E9929B4D6470018E546 /* ShoppingCartDataManager.swift */; };
		9C0C4E9C29B4DDC50018E546 /* CheckoutItemCellView.swift in Sources */ = {isa = PBXBuildFile; fileRef = 9C0C4E9B29B4DDC50018E546 /* CheckoutItemCellView.swift */; };
		9C0C4E9E29B4DDE30018E546 /* CheckoutItemListView.swift in Sources */ = {isa = PBXBuildFile; fileRef = 9C0C4E9D29B4DDE30018E546 /* CheckoutItemListView.swift */; };
		9C0C4EA029B4E19E0018E546 /* TextViews.swift in Sources */ = {isa = PBXBuildFile; fileRef = 9C0C4E9F29B4E19E0018E546 /* TextViews.swift */; };
		9C0C4EA329B4E4730018E546 /* CheckoutCellTopContentView.swift in Sources */ = {isa = PBXBuildFile; fileRef = 9C0C4EA229B4E4730018E546 /* CheckoutCellTopContentView.swift */; };
		9C0C4EA529B4E5B50018E546 /* NumberFormatter.swift in Sources */ = {isa = PBXBuildFile; fileRef = 9C0C4EA429B4E5B50018E546 /* NumberFormatter.swift */; };
		9C0E478B29ABB64100DEB975 /* PriceView.swift in Sources */ = {isa = PBXBuildFile; fileRef = 9C0E478A29ABB64100DEB975 /* PriceView.swift */; };
		9C0E478D29ABB6E100DEB975 /* NameView.swift in Sources */ = {isa = PBXBuildFile; fileRef = 9C0E478C29ABB6E100DEB975 /* NameView.swift */; };
		9C0E478F29ABB73600DEB975 /* CreatorNameView.swift in Sources */ = {isa = PBXBuildFile; fileRef = 9C0E478E29ABB73600DEB975 /* CreatorNameView.swift */; };
		9C2EA9AA29A10A99009A831C /* WelcomeScreenView.swift in Sources */ = {isa = PBXBuildFile; fileRef = 9C2EA9A929A10A99009A831C /* WelcomeScreenView.swift */; };
		9C2EA9AF29A1104E009A831C /* Constants.swift in Sources */ = {isa = PBXBuildFile; fileRef = 9C2EA9AE29A1104E009A831C /* Constants.swift */; };
		9C2EA9B129A113E9009A831C /* OnboardingScreenView.swift in Sources */ = {isa = PBXBuildFile; fileRef = 9C2EA9B029A113E9009A831C /* OnboardingScreenView.swift */; };
		9C2EA9B329A14162009A831C /* AppLogo.swift in Sources */ = {isa = PBXBuildFile; fileRef = 9C2EA9B229A14162009A831C /* AppLogo.swift */; };
		9C37C1C229BC738500125E09 /* CategoryListView.swift in Sources */ = {isa = PBXBuildFile; fileRef = 9C37C1C129BC738500125E09 /* CategoryListView.swift */; };
		9C37C1C529BC784300125E09 /* HomeView.swift in Sources */ = {isa = PBXBuildFile; fileRef = 9C37C1C429BC784300125E09 /* HomeView.swift */; };
		9C37C1C729BCB1FB00125E09 /* SectionHeaderView.swift in Sources */ = {isa = PBXBuildFile; fileRef = 9C37C1C629BCB1FB00125E09 /* SectionHeaderView.swift */; };
		9C37C1CA29BCB56800125E09 /* CollectionListView.swift in Sources */ = {isa = PBXBuildFile; fileRef = 9C37C1C929BCB56800125E09 /* CollectionListView.swift */; };
		9C86225229B482CB00CF20E8 /* BuyNowCheckoutView.swift in Sources */ = {isa = PBXBuildFile; fileRef = 9C86225129B482CB00CF20E8 /* BuyNowCheckoutView.swift */; };
		9C86225429B482F800CF20E8 /* BuyNowCheckoutViewViewModel.swift in Sources */ = {isa = PBXBuildFile; fileRef = 9C86225329B482F800CF20E8 /* BuyNowCheckoutViewViewModel.swift */; };
		9C86225629B483A300CF20E8 /* DiscountTypes.swift in Sources */ = {isa = PBXBuildFile; fileRef = 9C86225529B483A300CF20E8 /* DiscountTypes.swift */; };
		9C86225829B48FEC00CF20E8 /* Decimal.swift in Sources */ = {isa = PBXBuildFile; fileRef = 9C86225729B48FEC00CF20E8 /* Decimal.swift */; };
		9C94667629B20AD500129EB1 /* NFT.swift in Sources */ = {isa = PBXBuildFile; fileRef = 9C94667529B20AD500129EB1 /* NFT.swift */; };
		9C94667829B20AF800129EB1 /* Category.swift in Sources */ = {isa = PBXBuildFile; fileRef = 9C94667729B20AF800129EB1 /* Category.swift */; };
		9C94667A29B20B4600129EB1 /* Collection.swift in Sources */ = {isa = PBXBuildFile; fileRef = 9C94667929B20B4600129EB1 /* Collection.swift */; };
		9C94667D29B20BB000129EB1 /* NFTDataManager.swift in Sources */ = {isa = PBXBuildFile; fileRef = 9C94667C29B20BB000129EB1 /* NFTDataManager.swift */; };
		9C94667F29B20F7A00129EB1 /* String.swift in Sources */ = {isa = PBXBuildFile; fileRef = 9C94667E29B20F7A00129EB1 /* String.swift */; };
		9CB7A8DA29ABAD71008F56F8 /* LikesView.swift in Sources */ = {isa = PBXBuildFile; fileRef = 9CB7A8D929ABAD71008F56F8 /* LikesView.swift */; };
		9CBB98E129A20C3F00759204 /* Color.swift in Sources */ = {isa = PBXBuildFile; fileRef = 9CBB98E029A20C3F00759204 /* Color.swift */; };
		9CBB98E529A2229E00759204 /* GetStartedButtonView.swift in Sources */ = {isa = PBXBuildFile; fileRef = 9CBB98E429A2229E00759204 /* GetStartedButtonView.swift */; };
		9CD226AC29BCF3D600462C35 /* RoundedImageView.swift in Sources */ = {isa = PBXBuildFile; fileRef = 9CD226AB29BCF3D600462C35 /* RoundedImageView.swift */; };
		9CD226B029BDCC3E00462C35 /* ShopName.swift in Sources */ = {isa = PBXBuildFile; fileRef = 9CD226AF29BDCC3E00462C35 /* ShopName.swift */; };
		9CD226B329BDCCA500462C35 /* NFTDetailView.swift in Sources */ = {isa = PBXBuildFile; fileRef = 9CD226B229BDCCA500462C35 /* NFTDetailView.swift */; };
		9CD226B529BDCDC000462C35 /* NFTDetailViewViewModel.swift in Sources */ = {isa = PBXBuildFile; fileRef = 9CD226B429BDCDC000462C35 /* NFTDetailViewViewModel.swift */; };
		9CD226B729BE070700462C35 /* TopInfoSectionView.swift in Sources */ = {isa = PBXBuildFile; fileRef = 9CD226B629BE070700462C35 /* TopInfoSectionView.swift */; };
		9CD226B929BE20EC00462C35 /* CategoryView.swift in Sources */ = {isa = PBXBuildFile; fileRef = 9CD226B829BE20EC00462C35 /* CategoryView.swift */; };
		9CD226BC29BE31F400462C35 /* CollectionView.swift in Sources */ = {isa = PBXBuildFile; fileRef = 9CD226BB29BE31F400462C35 /* CollectionView.swift */; };
		9CF42D05299FC92600CAA856 /* NFTioApp.swift in Sources */ = {isa = PBXBuildFile; fileRef = 9CF42D04299FC92600CAA856 /* NFTioApp.swift */; };
		9CF42D07299FC92600CAA856 /* ContentView.swift in Sources */ = {isa = PBXBuildFile; fileRef = 9CF42D06299FC92600CAA856 /* ContentView.swift */; };
		9CF42D09299FC92800CAA856 /* Assets.xcassets in Resources */ = {isa = PBXBuildFile; fileRef = 9CF42D08299FC92800CAA856 /* Assets.xcassets */; };
		9CF42D0C299FC92800CAA856 /* Preview Assets.xcassets in Resources */ = {isa = PBXBuildFile; fileRef = 9CF42D0B299FC92800CAA856 /* Preview Assets.xcassets */; };
		9CF42D14299FDC8800CAA856 /* User.swift in Sources */ = {isa = PBXBuildFile; fileRef = 9CF42D13299FDC8800CAA856 /* User.swift */; };
/* End PBXBuildFile section */

/* Begin PBXFileReference section */
		9C0386E829A7BD9500EF4BAD /* WelcomeTextView.swift */ = {isa = PBXFileReference; lastKnownFileType = sourcecode.swift; path = WelcomeTextView.swift; sourceTree = "<group>"; };
		9C0386EA29A7BE8C00EF4BAD /* DescriptionTextView.swift */ = {isa = PBXFileReference; lastKnownFileType = sourcecode.swift; path = DescriptionTextView.swift; sourceTree = "<group>"; };
		9C0386EC29A7BF3B00EF4BAD /* RoundedIconViewFilled.swift */ = {isa = PBXFileReference; lastKnownFileType = sourcecode.swift; path = RoundedIconViewFilled.swift; sourceTree = "<group>"; };
		9C0386EE29A7C35700EF4BAD /* AppIconView.swift */ = {isa = PBXFileReference; lastKnownFileType = sourcecode.swift; path = AppIconView.swift; sourceTree = "<group>"; };
		9C0386F029A7C3AE00EF4BAD /* WelcomeBackgroundImageView.swift */ = {isa = PBXFileReference; lastKnownFileType = sourcecode.swift; path = WelcomeBackgroundImageView.swift; sourceTree = "<group>"; };
		9C0386F229A7C4A700EF4BAD /* RoundedIconViewFilledWhite.swift */ = {isa = PBXFileReference; lastKnownFileType = sourcecode.swift; path = RoundedIconViewFilledWhite.swift; sourceTree = "<group>"; };
		9C0386F429A7C54200EF4BAD /* Text.swift */ = {isa = PBXFileReference; lastKnownFileType = sourcecode.swift; path = Text.swift; sourceTree = "<group>"; };
		9C0386F629A7CB5500EF4BAD /* Info.plist */ = {isa = PBXFileReference; lastKnownFileType = text.plist.xml; path = Info.plist; sourceTree = "<group>"; };
		9C0386FC29AB52B600EF4BAD /* NFTListView.swift */ = {isa = PBXFileReference; lastKnownFileType = sourcecode.swift; path = NFTListView.swift; sourceTree = "<group>"; };
		9C0386FE29AB548C00EF4BAD /* HomeViewViewModel.swift */ = {isa = PBXFileReference; lastKnownFileType = sourcecode.swift; path = HomeViewViewModel.swift; sourceTree = "<group>"; };
		9C03870029AB5AEE00EF4BAD /* ButtonView.swift */ = {isa = PBXFileReference; lastKnownFileType = sourcecode.swift; path = ButtonView.swift; sourceTree = "<group>"; };
		9C0B041C29B4ECAE000330AB /* CheckoutCellMainContentView.swift */ = {isa = PBXFileReference; lastKnownFileType = sourcecode.swift; path = CheckoutCellMainContentView.swift; sourceTree = "<group>"; };
		9C0B041E29B4ECC9000330AB /* CheckoutCellBottomContentView.swift */ = {isa = PBXFileReference; lastKnownFileType = sourcecode.swift; path = CheckoutCellBottomContentView.swift; sourceTree = "<group>"; };
		9C0B042029B4FE54000330AB /* CardEthereumPriceView.swift */ = {isa = PBXFileReference; lastKnownFileType = sourcecode.swift; path = CardEthereumPriceView.swift; sourceTree = "<group>"; };
		9C0B042229B50008000330AB /* TotalCheckoutAmountView.swift */ = {isa = PBXFileReference; lastKnownFileType = sourcecode.swift; path = TotalCheckoutAmountView.swift; sourceTree = "<group>"; };
		9C0B042429B50287000330AB /* TotalAmountLabelView.swift */ = {isa = PBXFileReference; lastKnownFileType = sourcecode.swift; path = TotalAmountLabelView.swift; sourceTree = "<group>"; };
		9C0B042629B5225A000330AB /* DiscountAndDiscountAmountView.swift */ = {isa = PBXFileReference; lastKnownFileType = sourcecode.swift; path = DiscountAndDiscountAmountView.swift; sourceTree = "<group>"; };
		9C0C4E9929B4D6470018E546 /* ShoppingCartDataManager.swift */ = {isa = PBXFileReference; lastKnownFileType = sourcecode.swift; path = ShoppingCartDataManager.swift; sourceTree = "<group>"; };
		9C0C4E9B29B4DDC50018E546 /* CheckoutItemCellView.swift */ = {isa = PBXFileReference; lastKnownFileType = sourcecode.swift; path = CheckoutItemCellView.swift; sourceTree = "<group>"; };
		9C0C4E9D29B4DDE30018E546 /* CheckoutItemListView.swift */ = {isa = PBXFileReference; lastKnownFileType = sourcecode.swift; path = CheckoutItemListView.swift; sourceTree = "<group>"; };
		9C0C4E9F29B4E19E0018E546 /* TextViews.swift */ = {isa = PBXFileReference; lastKnownFileType = sourcecode.swift; path = TextViews.swift; sourceTree = "<group>"; };
		9C0C4EA229B4E4730018E546 /* CheckoutCellTopContentView.swift */ = {isa = PBXFileReference; lastKnownFileType = sourcecode.swift; path = CheckoutCellTopContentView.swift; sourceTree = "<group>"; };
		9C0C4EA429B4E5B50018E546 /* NumberFormatter.swift */ = {isa = PBXFileReference; lastKnownFileType = sourcecode.swift; path = NumberFormatter.swift; sourceTree = "<group>"; };
		9C0E478A29ABB64100DEB975 /* PriceView.swift */ = {isa = PBXFileReference; lastKnownFileType = sourcecode.swift; path = PriceView.swift; sourceTree = "<group>"; };
		9C0E478C29ABB6E100DEB975 /* NameView.swift */ = {isa = PBXFileReference; lastKnownFileType = sourcecode.swift; path = NameView.swift; sourceTree = "<group>"; };
		9C0E478E29ABB73600DEB975 /* CreatorNameView.swift */ = {isa = PBXFileReference; lastKnownFileType = sourcecode.swift; path = CreatorNameView.swift; sourceTree = "<group>"; };
		9C21481629BCB8BC00C565B5 /* Urbanist-Italic-VariableFont_wght.ttf */ = {isa = PBXFileReference; lastKnownFileType = file; path = "Urbanist-Italic-VariableFont_wght.ttf"; sourceTree = "<group>"; };
		9C21481729BCB8BC00C565B5 /* Urbanist-VariableFont_wght.ttf */ = {isa = PBXFileReference; lastKnownFileType = file; path = "Urbanist-VariableFont_wght.ttf"; sourceTree = "<group>"; };
		9C21481929BCBAAE00C565B5 /* Urbanist-Black.ttf */ = {isa = PBXFileReference; lastKnownFileType = file; path = "Urbanist-Black.ttf"; sourceTree = "<group>"; };
		9C2EA9A929A10A99009A831C /* WelcomeScreenView.swift */ = {isa = PBXFileReference; lastKnownFileType = sourcecode.swift; path = WelcomeScreenView.swift; sourceTree = "<group>"; };
		9C2EA9AE29A1104E009A831C /* Constants.swift */ = {isa = PBXFileReference; lastKnownFileType = sourcecode.swift; path = Constants.swift; sourceTree = "<group>"; };
		9C2EA9B029A113E9009A831C /* OnboardingScreenView.swift */ = {isa = PBXFileReference; lastKnownFileType = sourcecode.swift; path = OnboardingScreenView.swift; sourceTree = "<group>"; };
		9C2EA9B229A14162009A831C /* AppLogo.swift */ = {isa = PBXFileReference; lastKnownFileType = sourcecode.swift; path = AppLogo.swift; sourceTree = "<group>"; };
		9C37C1C129BC738500125E09 /* CategoryListView.swift */ = {isa = PBXFileReference; lastKnownFileType = sourcecode.swift; path = CategoryListView.swift; sourceTree = "<group>"; };
		9C37C1C429BC784300125E09 /* HomeView.swift */ = {isa = PBXFileReference; lastKnownFileType = sourcecode.swift; path = HomeView.swift; sourceTree = "<group>"; };
		9C37C1C629BCB1FB00125E09 /* SectionHeaderView.swift */ = {isa = PBXFileReference; lastKnownFileType = sourcecode.swift; path = SectionHeaderView.swift; sourceTree = "<group>"; };
		9C37C1C929BCB56800125E09 /* CollectionListView.swift */ = {isa = PBXFileReference; lastKnownFileType = sourcecode.swift; path = CollectionListView.swift; sourceTree = "<group>"; };
		9C86225129B482CB00CF20E8 /* BuyNowCheckoutView.swift */ = {isa = PBXFileReference; lastKnownFileType = sourcecode.swift; path = BuyNowCheckoutView.swift; sourceTree = "<group>"; };
		9C86225329B482F800CF20E8 /* BuyNowCheckoutViewViewModel.swift */ = {isa = PBXFileReference; lastKnownFileType = sourcecode.swift; path = BuyNowCheckoutViewViewModel.swift; sourceTree = "<group>"; };
		9C86225529B483A300CF20E8 /* DiscountTypes.swift */ = {isa = PBXFileReference; lastKnownFileType = sourcecode.swift; path = DiscountTypes.swift; sourceTree = "<group>"; };
		9C86225729B48FEC00CF20E8 /* Decimal.swift */ = {isa = PBXFileReference; lastKnownFileType = sourcecode.swift; path = Decimal.swift; sourceTree = "<group>"; };
		9C94667529B20AD500129EB1 /* NFT.swift */ = {isa = PBXFileReference; lastKnownFileType = sourcecode.swift; path = NFT.swift; sourceTree = "<group>"; };
		9C94667729B20AF800129EB1 /* Category.swift */ = {isa = PBXFileReference; lastKnownFileType = sourcecode.swift; path = Category.swift; sourceTree = "<group>"; };
		9C94667929B20B4600129EB1 /* Collection.swift */ = {isa = PBXFileReference; lastKnownFileType = sourcecode.swift; path = Collection.swift; sourceTree = "<group>"; };
		9C94667C29B20BB000129EB1 /* NFTDataManager.swift */ = {isa = PBXFileReference; lastKnownFileType = sourcecode.swift; path = NFTDataManager.swift; sourceTree = "<group>"; };
		9C94667E29B20F7A00129EB1 /* String.swift */ = {isa = PBXFileReference; lastKnownFileType = sourcecode.swift; path = String.swift; sourceTree = "<group>"; };
		9CB7A8D929ABAD71008F56F8 /* LikesView.swift */ = {isa = PBXFileReference; lastKnownFileType = sourcecode.swift; path = LikesView.swift; sourceTree = "<group>"; };
		9CBB98E029A20C3F00759204 /* Color.swift */ = {isa = PBXFileReference; lastKnownFileType = sourcecode.swift; path = Color.swift; sourceTree = "<group>"; };
		9CBB98E429A2229E00759204 /* GetStartedButtonView.swift */ = {isa = PBXFileReference; lastKnownFileType = sourcecode.swift; path = GetStartedButtonView.swift; sourceTree = "<group>"; };
		9CD226AB29BCF3D600462C35 /* RoundedImageView.swift */ = {isa = PBXFileReference; lastKnownFileType = sourcecode.swift; path = RoundedImageView.swift; sourceTree = "<group>"; };
		9CD226AF29BDCC3E00462C35 /* ShopName.swift */ = {isa = PBXFileReference; lastKnownFileType = sourcecode.swift; path = ShopName.swift; sourceTree = "<group>"; };
		9CD226B229BDCCA500462C35 /* NFTDetailView.swift */ = {isa = PBXFileReference; lastKnownFileType = sourcecode.swift; path = NFTDetailView.swift; sourceTree = "<group>"; };
		9CD226B429BDCDC000462C35 /* NFTDetailViewViewModel.swift */ = {isa = PBXFileReference; lastKnownFileType = sourcecode.swift; path = NFTDetailViewViewModel.swift; sourceTree = "<group>"; };
		9CD226B629BE070700462C35 /* TopInfoSectionView.swift */ = {isa = PBXFileReference; lastKnownFileType = sourcecode.swift; path = TopInfoSectionView.swift; sourceTree = "<group>"; };
		9CD226B829BE20EC00462C35 /* CategoryView.swift */ = {isa = PBXFileReference; lastKnownFileType = sourcecode.swift; path = CategoryView.swift; sourceTree = "<group>"; };
		9CD226BB29BE31F400462C35 /* CollectionView.swift */ = {isa = PBXFileReference; lastKnownFileType = sourcecode.swift; path = CollectionView.swift; sourceTree = "<group>"; };
		9CF42D01299FC92600CAA856 /* NFTio.app */ = {isa = PBXFileReference; explicitFileType = wrapper.application; includeInIndex = 0; path = NFTio.app; sourceTree = BUILT_PRODUCTS_DIR; };
		9CF42D04299FC92600CAA856 /* NFTioApp.swift */ = {isa = PBXFileReference; lastKnownFileType = sourcecode.swift; path = NFTioApp.swift; sourceTree = "<group>"; };
		9CF42D06299FC92600CAA856 /* ContentView.swift */ = {isa = PBXFileReference; lastKnownFileType = sourcecode.swift; path = ContentView.swift; sourceTree = "<group>"; };
		9CF42D08299FC92800CAA856 /* Assets.xcassets */ = {isa = PBXFileReference; lastKnownFileType = folder.assetcatalog; path = Assets.xcassets; sourceTree = "<group>"; };
		9CF42D0B299FC92800CAA856 /* Preview Assets.xcassets */ = {isa = PBXFileReference; lastKnownFileType = folder.assetcatalog; path = "Preview Assets.xcassets"; sourceTree = "<group>"; };
		9CF42D13299FDC8800CAA856 /* User.swift */ = {isa = PBXFileReference; lastKnownFileType = sourcecode.swift; path = User.swift; sourceTree = "<group>"; };
/* End PBXFileReference section */

/* Begin PBXFrameworksBuildPhase section */
		9CF42CFE299FC92600CAA856 /* Frameworks */ = {
			isa = PBXFrameworksBuildPhase;
			buildActionMask = 2147483647;
			files = (
			);
			runOnlyForDeploymentPostprocessing = 0;
		};
/* End PBXFrameworksBuildPhase section */

/* Begin PBXGroup section */
		9C0386E529A7BCEF00EF4BAD /* WelcomeScreen */ = {
			isa = PBXGroup;
			children = (
				9C2EA9A929A10A99009A831C /* WelcomeScreenView.swift */,
				9C0386E829A7BD9500EF4BAD /* WelcomeTextView.swift */,
				9C0386EE29A7C35700EF4BAD /* AppIconView.swift */,
				9C0386F029A7C3AE00EF4BAD /* WelcomeBackgroundImageView.swift */,
			);
			path = WelcomeScreen;
			sourceTree = "<group>";
		};
		9C0386E629A7BD0600EF4BAD /* OnboardingScreen */ = {
			isa = PBXGroup;
			children = (
				9C2EA9B029A113E9009A831C /* OnboardingScreenView.swift */,
				9CBB98E429A2229E00759204 /* GetStartedButtonView.swift */,
				9C0386EA29A7BE8C00EF4BAD /* DescriptionTextView.swift */,
			);
			path = OnboardingScreen;
			sourceTree = "<group>";
		};
		9C0386E729A7BD5200EF4BAD /* CustomViews */ = {
			isa = PBXGroup;
			children = (
				9CD226AA29BCF3C500462C35 /* ImageViews */,
				9C2EA9B229A14162009A831C /* AppLogo.swift */,
				9C0386EC29A7BF3B00EF4BAD /* RoundedIconViewFilled.swift */,
				9C0386F229A7C4A700EF4BAD /* RoundedIconViewFilledWhite.swift */,
				9C03870029AB5AEE00EF4BAD /* ButtonView.swift */,
				9C0C4E9F29B4E19E0018E546 /* TextViews.swift */,
				9CD226AF29BDCC3E00462C35 /* ShopName.swift */,
			);
			path = CustomViews;
			sourceTree = "<group>";
		};
		9C0386F929AB522400EF4BAD /* HomeScreen */ = {
			isa = PBXGroup;
			children = (
				9C37C1C829BCB54200125E09 /* CollectionView */,
				9C37C1C029BC733500125E09 /* CategoryView */,
				9C37C1C329BC782700125E09 /* NFTListView */,
				9C0386FE29AB548C00EF4BAD /* HomeViewViewModel.swift */,
				9C37C1C629BCB1FB00125E09 /* SectionHeaderView.swift */,
				9C37C1C429BC784300125E09 /* HomeView.swift */,
			);
			path = HomeScreen;
			sourceTree = "<group>";
		};
		9C0C4EA129B4E4510018E546 /* SubViews */ = {
			isa = PBXGroup;
			children = (
				9C0C4EA229B4E4730018E546 /* CheckoutCellTopContentView.swift */,
				9C0B041C29B4ECAE000330AB /* CheckoutCellMainContentView.swift */,
				9C0B041E29B4ECC9000330AB /* CheckoutCellBottomContentView.swift */,
				9C0B042029B4FE54000330AB /* CardEthereumPriceView.swift */,
				9C0B042229B50008000330AB /* TotalCheckoutAmountView.swift */,
				9C0B042429B50287000330AB /* TotalAmountLabelView.swift */,
				9C0B042629B5225A000330AB /* DiscountAndDiscountAmountView.swift */,
			);
			path = SubViews;
			sourceTree = "<group>";
		};
		9C21481829BCB8CA00C565B5 /* Fonts */ = {
			isa = PBXGroup;
			children = (
				9C21481629BCB8BC00C565B5 /* Urbanist-Italic-VariableFont_wght.ttf */,
				9C21481729BCB8BC00C565B5 /* Urbanist-VariableFont_wght.ttf */,
				9C21481929BCBAAE00C565B5 /* Urbanist-Black.ttf */,
			);
			path = Fonts;
			sourceTree = "<group>";
		};
		9C2EA9A629A109C0009A831C /* Views */ = {
			isa = PBXGroup;
			children = (
				9C0386E729A7BD5200EF4BAD /* CustomViews */,
				9C0386E629A7BD0600EF4BAD /* OnboardingScreen */,
				9C0386E529A7BCEF00EF4BAD /* WelcomeScreen */,
				9CD226B129BDCC7000462C35 /* NFTDetailScreen */,
				9C0386F929AB522400EF4BAD /* HomeScreen */,
				9C86225029B4825000CF20E8 /* Checkout */,
				9CF42D06299FC92600CAA856 /* ContentView.swift */,
			);
			path = Views;
			sourceTree = "<group>";
		};
		9C2EA9AB29A10C19009A831C /* App */ = {
			isa = PBXGroup;
			children = (
				9C0386F629A7CB5500EF4BAD /* Info.plist */,
				9CF42D04299FC92600CAA856 /* NFTioApp.swift */,
				9CF42D08299FC92800CAA856 /* Assets.xcassets */,
				9C21481829BCB8CA00C565B5 /* Fonts */,
				9CF42D0A299FC92800CAA856 /* Preview Content */,
			);
			path = App;
			sourceTree = "<group>";
		};
		9C37C1C029BC733500125E09 /* CategoryView */ = {
			isa = PBXGroup;
			children = (
				9C37C1C129BC738500125E09 /* CategoryListView.swift */,
				9CD226B829BE20EC00462C35 /* CategoryView.swift */,
			);
			path = CategoryView;
			sourceTree = "<group>";
		};
		9C37C1C329BC782700125E09 /* NFTListView */ = {
			isa = PBXGroup;
			children = (
				9CB7A8D829ABAD4F008F56F8 /* SubViews */,
				9C0386FC29AB52B600EF4BAD /* NFTListView.swift */,
			);
			path = NFTListView;
			sourceTree = "<group>";
		};
		9C37C1C829BCB54200125E09 /* CollectionView */ = {
			isa = PBXGroup;
			children = (
				9C37C1C929BCB56800125E09 /* CollectionListView.swift */,
				9CD226BB29BE31F400462C35 /* CollectionView.swift */,
			);
			path = CollectionView;
			sourceTree = "<group>";
		};
		9C86225029B4825000CF20E8 /* Checkout */ = {
			isa = PBXGroup;
			children = (
				9C0C4EA129B4E4510018E546 /* SubViews */,
				9C86225129B482CB00CF20E8 /* BuyNowCheckoutView.swift */,
				9C86225329B482F800CF20E8 /* BuyNowCheckoutViewViewModel.swift */,
				9C0C4E9B29B4DDC50018E546 /* CheckoutItemCellView.swift */,
				9C0C4E9D29B4DDE30018E546 /* CheckoutItemListView.swift */,
			);
			path = Checkout;
			sourceTree = "<group>";
		};
		9C94667B29B20B9300129EB1 /* Managers */ = {
			isa = PBXGroup;
			children = (
				9C94667C29B20BB000129EB1 /* NFTDataManager.swift */,
				9C0C4E9929B4D6470018E546 /* ShoppingCartDataManager.swift */,
			);
			path = Managers;
			sourceTree = "<group>";
		};
		9CB7A8D829ABAD4F008F56F8 /* SubViews */ = {
			isa = PBXGroup;
			children = (
				9CB7A8D929ABAD71008F56F8 /* LikesView.swift */,
				9C0E478A29ABB64100DEB975 /* PriceView.swift */,
				9C0E478C29ABB6E100DEB975 /* NameView.swift */,
				9C0E478E29ABB73600DEB975 /* CreatorNameView.swift */,
			);
			path = SubViews;
			sourceTree = "<group>";
		};
		9CBB98DF29A20C1700759204 /* Extensions */ = {
			isa = PBXGroup;
			children = (
				9CBB98E029A20C3F00759204 /* Color.swift */,
				9C0386F429A7C54200EF4BAD /* Text.swift */,
				9C94667E29B20F7A00129EB1 /* String.swift */,
				9C86225729B48FEC00CF20E8 /* Decimal.swift */,
				9C0C4EA429B4E5B50018E546 /* NumberFormatter.swift */,
			);
			path = Extensions;
			sourceTree = "<group>";
		};
		9CD226AA29BCF3C500462C35 /* ImageViews */ = {
			isa = PBXGroup;
			children = (
				9CD226AB29BCF3D600462C35 /* RoundedImageView.swift */,
			);
			path = ImageViews;
			sourceTree = "<group>";
		};
		9CD226B129BDCC7000462C35 /* NFTDetailScreen */ = {
			isa = PBXGroup;
			children = (
				9CD226B229BDCCA500462C35 /* NFTDetailView.swift */,
				9CD226B429BDCDC000462C35 /* NFTDetailViewViewModel.swift */,
				9CD226B629BE070700462C35 /* TopInfoSectionView.swift */,
			);
			path = NFTDetailScreen;
			sourceTree = "<group>";
		};
		9CF42CF8299FC92600CAA856 = {
			isa = PBXGroup;
			children = (
				9CF42D03299FC92600CAA856 /* NFTio */,
				9CF42D02299FC92600CAA856 /* Products */,
			);
			sourceTree = "<group>";
		};
		9CF42D02299FC92600CAA856 /* Products */ = {
			isa = PBXGroup;
			children = (
				9CF42D01299FC92600CAA856 /* NFTio.app */,
			);
			name = Products;
			sourceTree = "<group>";
		};
		9CF42D03299FC92600CAA856 /* NFTio */ = {
			isa = PBXGroup;
			children = (
				9C2EA9AB29A10C19009A831C /* App */,
				9C94667B29B20B9300129EB1 /* Managers */,
				9C2EA9A629A109C0009A831C /* Views */,
				9CF42D12299FDC7400CAA856 /* Models */,
				9CBB98DF29A20C1700759204 /* Extensions */,
			);
			path = NFTio;
			sourceTree = "<group>";
		};
		9CF42D0A299FC92800CAA856 /* Preview Content */ = {
			isa = PBXGroup;
			children = (
				9CF42D0B299FC92800CAA856 /* Preview Assets.xcassets */,
			);
			path = "Preview Content";
			sourceTree = "<group>";
		};
		9CF42D12299FDC7400CAA856 /* Models */ = {
			isa = PBXGroup;
			children = (
				9CF42D13299FDC8800CAA856 /* User.swift */,
				9C2EA9AE29A1104E009A831C /* Constants.swift */,
				9C94667529B20AD500129EB1 /* NFT.swift */,
				9C94667729B20AF800129EB1 /* Category.swift */,
				9C94667929B20B4600129EB1 /* Collection.swift */,
				9C86225529B483A300CF20E8 /* DiscountTypes.swift */,
			);
			path = Models;
			sourceTree = "<group>";
		};
/* End PBXGroup section */

/* Begin PBXNativeTarget section */
		9CF42D00299FC92600CAA856 /* NFTio */ = {
			isa = PBXNativeTarget;
			buildConfigurationList = 9CF42D0F299FC92800CAA856 /* Build configuration list for PBXNativeTarget "NFTio" */;
			buildPhases = (
				9CF42CFD299FC92600CAA856 /* Sources */,
				9CF42CFE299FC92600CAA856 /* Frameworks */,
				9CF42CFF299FC92600CAA856 /* Resources */,
			);
			buildRules = (
			);
			dependencies = (
			);
			name = NFTio;
			packageProductDependencies = (
			);
			productName = NFTio;
			productReference = 9CF42D01299FC92600CAA856 /* NFTio.app */;
			productType = "com.apple.product-type.application";
		};
/* End PBXNativeTarget section */

/* Begin PBXProject section */
		9CF42CF9299FC92600CAA856 /* Project object */ = {
			isa = PBXProject;
			attributes = {
				BuildIndependentTargetsInParallel = 1;
				LastSwiftUpdateCheck = 1400;
				LastUpgradeCheck = 1400;
				TargetAttributes = {
					9CF42D00299FC92600CAA856 = {
						CreatedOnToolsVersion = 14.0.1;
					};
				};
			};
			buildConfigurationList = 9CF42CFC299FC92600CAA856 /* Build configuration list for PBXProject "NFTio" */;
			compatibilityVersion = "Xcode 14.0";
			developmentRegion = en;
			hasScannedForEncodings = 0;
			knownRegions = (
				en,
				Base,
			);
			mainGroup = 9CF42CF8299FC92600CAA856;
			packageReferences = (
			);
			productRefGroup = 9CF42D02299FC92600CAA856 /* Products */;
			projectDirPath = "";
			projectRoot = "";
			targets = (
				9CF42D00299FC92600CAA856 /* NFTio */,
			);
		};
/* End PBXProject section */

/* Begin PBXResourcesBuildPhase section */
		9CF42CFF299FC92600CAA856 /* Resources */ = {
			isa = PBXResourcesBuildPhase;
			buildActionMask = 2147483647;
			files = (
				9CF42D0C299FC92800CAA856 /* Preview Assets.xcassets in Resources */,
				9CF42D09299FC92800CAA856 /* Assets.xcassets in Resources */,
			);
			runOnlyForDeploymentPostprocessing = 0;
		};
/* End PBXResourcesBuildPhase section */

/* Begin PBXSourcesBuildPhase section */
		9CF42CFD299FC92600CAA856 /* Sources */ = {
			isa = PBXSourcesBuildPhase;
			buildActionMask = 2147483647;
			files = (
				9CD226B029BDCC3E00462C35 /* ShopName.swift in Sources */,
				9C94667F29B20F7A00129EB1 /* String.swift in Sources */,
				9C0386FD29AB52B600EF4BAD /* NFTListView.swift in Sources */,
				9C0C4EA029B4E19E0018E546 /* TextViews.swift in Sources */,
				9CF42D07299FC92600CAA856 /* ContentView.swift in Sources */,
				9CD226B729BE070700462C35 /* TopInfoSectionView.swift in Sources */,
				9CF42D05299FC92600CAA856 /* NFTioApp.swift in Sources */,
				9C0386F329A7C4A700EF4BAD /* RoundedIconViewFilledWhite.swift in Sources */,
				9C2EA9B329A14162009A831C /* AppLogo.swift in Sources */,
				9C0B041F29B4ECC9000330AB /* CheckoutCellBottomContentView.swift in Sources */,
				9C0E478D29ABB6E100DEB975 /* NameView.swift in Sources */,
				9C94667D29B20BB000129EB1 /* NFTDataManager.swift in Sources */,
				9C2EA9B129A113E9009A831C /* OnboardingScreenView.swift in Sources */,
				9C0B042729B5225A000330AB /* DiscountAndDiscountAmountView.swift in Sources */,
				9C0C4EA529B4E5B50018E546 /* NumberFormatter.swift in Sources */,
				9CF42D14299FDC8800CAA856 /* User.swift in Sources */,
				9CBB98E529A2229E00759204 /* GetStartedButtonView.swift in Sources */,
				9C0C4E9A29B4D6470018E546 /* ShoppingCartDataManager.swift in Sources */,
				9C0386F529A7C54200EF4BAD /* Text.swift in Sources */,
				9C86225629B483A300CF20E8 /* DiscountTypes.swift in Sources */,
				9C86225429B482F800CF20E8 /* BuyNowCheckoutViewViewModel.swift in Sources */,
				9C0386E929A7BD9500EF4BAD /* WelcomeTextView.swift in Sources */,
				9C0386ED29A7BF3B00EF4BAD /* RoundedIconViewFilled.swift in Sources */,
				9C2EA9AA29A10A99009A831C /* WelcomeScreenView.swift in Sources */,
				9C2EA9AF29A1104E009A831C /* Constants.swift in Sources */,
				9C86225229B482CB00CF20E8 /* BuyNowCheckoutView.swift in Sources */,
				9CD226B929BE20EC00462C35 /* CategoryView.swift in Sources */,
				9C94667629B20AD500129EB1 /* NFT.swift in Sources */,
				9C0B041D29B4ECAE000330AB /* CheckoutCellMainContentView.swift in Sources */,
				9C0386FF29AB548C00EF4BAD /* HomeViewViewModel.swift in Sources */,
				9C37C1C529BC784300125E09 /* HomeView.swift in Sources */,
				9CD226BC29BE31F400462C35 /* CollectionView.swift in Sources */,
				9C37C1CA29BCB56800125E09 /* CollectionListView.swift in Sources */,
				9C0386EB29A7BE8C00EF4BAD /* DescriptionTextView.swift in Sources */,
				9C37C1C229BC738500125E09 /* CategoryListView.swift in Sources */,
				9C0B042129B4FE55000330AB /* CardEthereumPriceView.swift in Sources */,
				9CBB98E129A20C3F00759204 /* Color.swift in Sources */,
				9C0E478B29ABB64100DEB975 /* PriceView.swift in Sources */,
				9C94667A29B20B4600129EB1 /* Collection.swift in Sources */,
				9CD226AC29BCF3D600462C35 /* RoundedImageView.swift in Sources */,
				9C0E478F29ABB73600DEB975 /* CreatorNameView.swift in Sources */,
				9CB7A8DA29ABAD71008F56F8 /* LikesView.swift in Sources */,
				9C86225829B48FEC00CF20E8 /* Decimal.swift in Sources */,
				9CD226B329BDCCA500462C35 /* NFTDetailView.swift in Sources */,
				9C0C4E9E29B4DDE30018E546 /* CheckoutItemListView.swift in Sources */,
				9C0B042529B50287000330AB /* TotalAmountLabelView.swift in Sources */,
				9C94667829B20AF800129EB1 /* Category.swift in Sources */,
				9C0386EF29A7C35700EF4BAD /* AppIconView.swift in Sources */,
				9C0C4EA329B4E4730018E546 /* CheckoutCellTopContentView.swift in Sources */,
				9C37C1C729BCB1FB00125E09 /* SectionHeaderView.swift in Sources */,
				9C0386F129A7C3AE00EF4BAD /* WelcomeBackgroundImageView.swift in Sources */,
				9C0B042329B50008000330AB /* TotalCheckoutAmountView.swift in Sources */,
				9CD226B529BDCDC000462C35 /* NFTDetailViewViewModel.swift in Sources */,
				9C03870129AB5AEE00EF4BAD /* ButtonView.swift in Sources */,
				9C0C4E9C29B4DDC50018E546 /* CheckoutItemCellView.swift in Sources */,
			);
			runOnlyForDeploymentPostprocessing = 0;
		};
/* End PBXSourcesBuildPhase section */

/* Begin XCBuildConfiguration section */
		9CF42D0D299FC92800CAA856 /* Debug */ = {
			isa = XCBuildConfiguration;
			buildSettings = {
				ALWAYS_SEARCH_USER_PATHS = NO;
				CLANG_ANALYZER_NONNULL = YES;
				CLANG_ANALYZER_NUMBER_OBJECT_CONVERSION = YES_AGGRESSIVE;
				CLANG_CXX_LANGUAGE_STANDARD = "gnu++20";
				CLANG_ENABLE_MODULES = YES;
				CLANG_ENABLE_OBJC_ARC = YES;
				CLANG_ENABLE_OBJC_WEAK = YES;
				CLANG_WARN_BLOCK_CAPTURE_AUTORELEASING = YES;
				CLANG_WARN_BOOL_CONVERSION = YES;
				CLANG_WARN_COMMA = YES;
				CLANG_WARN_CONSTANT_CONVERSION = YES;
				CLANG_WARN_DEPRECATED_OBJC_IMPLEMENTATIONS = YES;
				CLANG_WARN_DIRECT_OBJC_ISA_USAGE = YES_ERROR;
				CLANG_WARN_DOCUMENTATION_COMMENTS = YES;
				CLANG_WARN_EMPTY_BODY = YES;
				CLANG_WARN_ENUM_CONVERSION = YES;
				CLANG_WARN_INFINITE_RECURSION = YES;
				CLANG_WARN_INT_CONVERSION = YES;
				CLANG_WARN_NON_LITERAL_NULL_CONVERSION = YES;
				CLANG_WARN_OBJC_IMPLICIT_RETAIN_SELF = YES;
				CLANG_WARN_OBJC_LITERAL_CONVERSION = YES;
				CLANG_WARN_OBJC_ROOT_CLASS = YES_ERROR;
				CLANG_WARN_QUOTED_INCLUDE_IN_FRAMEWORK_HEADER = YES;
				CLANG_WARN_RANGE_LOOP_ANALYSIS = YES;
				CLANG_WARN_STRICT_PROTOTYPES = YES;
				CLANG_WARN_SUSPICIOUS_MOVE = YES;
				CLANG_WARN_UNGUARDED_AVAILABILITY = YES_AGGRESSIVE;
				CLANG_WARN_UNREACHABLE_CODE = YES;
				CLANG_WARN__DUPLICATE_METHOD_MATCH = YES;
				COPY_PHASE_STRIP = NO;
				DEBUG_INFORMATION_FORMAT = dwarf;
				ENABLE_STRICT_OBJC_MSGSEND = YES;
				ENABLE_TESTABILITY = YES;
				GCC_C_LANGUAGE_STANDARD = gnu11;
				GCC_DYNAMIC_NO_PIC = NO;
				GCC_NO_COMMON_BLOCKS = YES;
				GCC_OPTIMIZATION_LEVEL = 0;
				GCC_PREPROCESSOR_DEFINITIONS = (
					"DEBUG=1",
					"$(inherited)",
				);
				GCC_WARN_64_TO_32_BIT_CONVERSION = YES;
				GCC_WARN_ABOUT_RETURN_TYPE = YES_ERROR;
				GCC_WARN_UNDECLARED_SELECTOR = YES;
				GCC_WARN_UNINITIALIZED_AUTOS = YES_AGGRESSIVE;
				GCC_WARN_UNUSED_FUNCTION = YES;
				GCC_WARN_UNUSED_VARIABLE = YES;
				IPHONEOS_DEPLOYMENT_TARGET = 16.0;
				MTL_ENABLE_DEBUG_INFO = INCLUDE_SOURCE;
				MTL_FAST_MATH = YES;
				ONLY_ACTIVE_ARCH = YES;
				SDKROOT = iphoneos;
				SWIFT_ACTIVE_COMPILATION_CONDITIONS = DEBUG;
				SWIFT_OPTIMIZATION_LEVEL = "-Onone";
			};
			name = Debug;
		};
		9CF42D0E299FC92800CAA856 /* Release */ = {
			isa = XCBuildConfiguration;
			buildSettings = {
				ALWAYS_SEARCH_USER_PATHS = NO;
				CLANG_ANALYZER_NONNULL = YES;
				CLANG_ANALYZER_NUMBER_OBJECT_CONVERSION = YES_AGGRESSIVE;
				CLANG_CXX_LANGUAGE_STANDARD = "gnu++20";
				CLANG_ENABLE_MODULES = YES;
				CLANG_ENABLE_OBJC_ARC = YES;
				CLANG_ENABLE_OBJC_WEAK = YES;
				CLANG_WARN_BLOCK_CAPTURE_AUTORELEASING = YES;
				CLANG_WARN_BOOL_CONVERSION = YES;
				CLANG_WARN_COMMA = YES;
				CLANG_WARN_CONSTANT_CONVERSION = YES;
				CLANG_WARN_DEPRECATED_OBJC_IMPLEMENTATIONS = YES;
				CLANG_WARN_DIRECT_OBJC_ISA_USAGE = YES_ERROR;
				CLANG_WARN_DOCUMENTATION_COMMENTS = YES;
				CLANG_WARN_EMPTY_BODY = YES;
				CLANG_WARN_ENUM_CONVERSION = YES;
				CLANG_WARN_INFINITE_RECURSION = YES;
				CLANG_WARN_INT_CONVERSION = YES;
				CLANG_WARN_NON_LITERAL_NULL_CONVERSION = YES;
				CLANG_WARN_OBJC_IMPLICIT_RETAIN_SELF = YES;
				CLANG_WARN_OBJC_LITERAL_CONVERSION = YES;
				CLANG_WARN_OBJC_ROOT_CLASS = YES_ERROR;
				CLANG_WARN_QUOTED_INCLUDE_IN_FRAMEWORK_HEADER = YES;
				CLANG_WARN_RANGE_LOOP_ANALYSIS = YES;
				CLANG_WARN_STRICT_PROTOTYPES = YES;
				CLANG_WARN_SUSPICIOUS_MOVE = YES;
				CLANG_WARN_UNGUARDED_AVAILABILITY = YES_AGGRESSIVE;
				CLANG_WARN_UNREACHABLE_CODE = YES;
				CLANG_WARN__DUPLICATE_METHOD_MATCH = YES;
				COPY_PHASE_STRIP = NO;
				DEBUG_INFORMATION_FORMAT = "dwarf-with-dsym";
				ENABLE_NS_ASSERTIONS = NO;
				ENABLE_STRICT_OBJC_MSGSEND = YES;
				GCC_C_LANGUAGE_STANDARD = gnu11;
				GCC_NO_COMMON_BLOCKS = YES;
				GCC_WARN_64_TO_32_BIT_CONVERSION = YES;
				GCC_WARN_ABOUT_RETURN_TYPE = YES_ERROR;
				GCC_WARN_UNDECLARED_SELECTOR = YES;
				GCC_WARN_UNINITIALIZED_AUTOS = YES_AGGRESSIVE;
				GCC_WARN_UNUSED_FUNCTION = YES;
				GCC_WARN_UNUSED_VARIABLE = YES;
				IPHONEOS_DEPLOYMENT_TARGET = 16.0;
				MTL_ENABLE_DEBUG_INFO = NO;
				MTL_FAST_MATH = YES;
				SDKROOT = iphoneos;
				SWIFT_COMPILATION_MODE = wholemodule;
				SWIFT_OPTIMIZATION_LEVEL = "-O";
				VALIDATE_PRODUCT = YES;
			};
			name = Release;
		};
		9CF42D10299FC92800CAA856 /* Debug */ = {
			isa = XCBuildConfiguration;
			buildSettings = {
				ASSETCATALOG_COMPILER_APPICON_NAME = AppIcon;
				ASSETCATALOG_COMPILER_GLOBAL_ACCENT_COLOR_NAME = AccentColor;
				CODE_SIGN_STYLE = Automatic;
				CURRENT_PROJECT_VERSION = 1;
				DEVELOPMENT_ASSET_PATHS = "\"NFTio/App/Preview Content\"";
				DEVELOPMENT_TEAM = NV786K8W94;
				ENABLE_PREVIEWS = YES;
				GENERATE_INFOPLIST_FILE = YES;
				INFOPLIST_FILE = NFTio/App/Info.plist;
				INFOPLIST_KEY_CFBundleDisplayName = NFTio;
				INFOPLIST_KEY_LSApplicationCategoryType = "public.app-category.shopping";
				INFOPLIST_KEY_UIApplicationSupportsIndirectInputEvents = YES;
				INFOPLIST_KEY_UILaunchScreen_Generation = YES;
				INFOPLIST_KEY_UISupportedInterfaceOrientations_iPad = "UIInterfaceOrientationPortrait UIInterfaceOrientationPortraitUpsideDown UIInterfaceOrientationLandscapeLeft UIInterfaceOrientationLandscapeRight";
				INFOPLIST_KEY_UISupportedInterfaceOrientations_iPhone = "UIInterfaceOrientationPortrait UIInterfaceOrientationLandscapeLeft UIInterfaceOrientationLandscapeRight";
				LD_RUNPATH_SEARCH_PATHS = (
					"$(inherited)",
					"@executable_path/Frameworks",
				);
				MARKETING_VERSION = 1.0;
				PRODUCT_BUNDLE_IDENTIFIER = com.kutelov.NFTio;
				PRODUCT_NAME = "$(TARGET_NAME)";
				SWIFT_EMIT_LOC_STRINGS = YES;
				SWIFT_VERSION = 5.0;
				TARGETED_DEVICE_FAMILY = "1,2";
			};
			name = Debug;
		};
		9CF42D11299FC92800CAA856 /* Release */ = {
			isa = XCBuildConfiguration;
			buildSettings = {
				ASSETCATALOG_COMPILER_APPICON_NAME = AppIcon;
				ASSETCATALOG_COMPILER_GLOBAL_ACCENT_COLOR_NAME = AccentColor;
				CODE_SIGN_STYLE = Automatic;
				CURRENT_PROJECT_VERSION = 1;
				DEVELOPMENT_ASSET_PATHS = "\"NFTio/App/Preview Content\"";
				DEVELOPMENT_TEAM = NV786K8W94;
				ENABLE_PREVIEWS = YES;
				GENERATE_INFOPLIST_FILE = YES;
				INFOPLIST_FILE = NFTio/App/Info.plist;
				INFOPLIST_KEY_CFBundleDisplayName = NFTio;
				INFOPLIST_KEY_LSApplicationCategoryType = "public.app-category.shopping";
				INFOPLIST_KEY_UIApplicationSupportsIndirectInputEvents = YES;
				INFOPLIST_KEY_UILaunchScreen_Generation = YES;
				INFOPLIST_KEY_UISupportedInterfaceOrientations_iPad = "UIInterfaceOrientationPortrait UIInterfaceOrientationPortraitUpsideDown UIInterfaceOrientationLandscapeLeft UIInterfaceOrientationLandscapeRight";
				INFOPLIST_KEY_UISupportedInterfaceOrientations_iPhone = "UIInterfaceOrientationPortrait UIInterfaceOrientationLandscapeLeft UIInterfaceOrientationLandscapeRight";
				LD_RUNPATH_SEARCH_PATHS = (
					"$(inherited)",
					"@executable_path/Frameworks",
				);
				MARKETING_VERSION = 1.0;
				PRODUCT_BUNDLE_IDENTIFIER = com.kutelov.NFTio;
				PRODUCT_NAME = "$(TARGET_NAME)";
				SWIFT_EMIT_LOC_STRINGS = YES;
				SWIFT_VERSION = 5.0;
				TARGETED_DEVICE_FAMILY = "1,2";
			};
			name = Release;
		};
/* End XCBuildConfiguration section */

/* Begin XCConfigurationList section */
		9CF42CFC299FC92600CAA856 /* Build configuration list for PBXProject "NFTio" */ = {
			isa = XCConfigurationList;
			buildConfigurations = (
				9CF42D0D299FC92800CAA856 /* Debug */,
				9CF42D0E299FC92800CAA856 /* Release */,
			);
			defaultConfigurationIsVisible = 0;
			defaultConfigurationName = Release;
		};
		9CF42D0F299FC92800CAA856 /* Build configuration list for PBXNativeTarget "NFTio" */ = {
			isa = XCConfigurationList;
			buildConfigurations = (
				9CF42D10299FC92800CAA856 /* Debug */,
				9CF42D11299FC92800CAA856 /* Release */,
			);
			defaultConfigurationIsVisible = 0;
			defaultConfigurationName = Release;
		};
/* End XCConfigurationList section */
	};
	rootObject = 9CF42CF9299FC92600CAA856 /* Project object */;
}
